
Microsoft Visual Studio Solution File, Format Version 12.00
# Visual Studio Version 17
VisualStudioVersion = 17.9.34728.123
MinimumVisualStudioVersion = 10.0.40219.1
Project("{2150E333-8FDC-42A3-9474-1A3956D46DE8}") = "Sorting", "Sorting", "{824B4C97-A832-4FC0-8096-40CB93F3A2E3}"
EndProject
Project("{2150E333-8FDC-42A3-9474-1A3956D46DE8}") = "Searching", "Searching", "{A4A52E99-DAE0-4B27-B532-C424DC0083AD}"
EndProject
Project("{2150E333-8FDC-42A3-9474-1A3956D46DE8}") = "LinkedList", "LinkedList", "{F262DDB5-361C-4310-80AF-B00E58CE5EA4}"
EndProject
Project("{2150E333-8FDC-42A3-9474-1A3956D46DE8}") = "Trees", "Trees", "{4761137E-9424-4395-BC4C-075C90A01B44}"
EndProject
Project("{2150E333-8FDC-42A3-9474-1A3956D46DE8}") = "Graphs", "Graphs", "{18D55FCE-7D2E-4304-BF43-CF5F3CE0B895}"
EndProject
Project("{2150E333-8FDC-42A3-9474-1A3956D46DE8}") = "Stacks", "Stacks", "{6A05A3D1-6FDF-491F-8899-BCC1B7612755}"
EndProject
Project("{2150E333-8FDC-42A3-9474-1A3956D46DE8}") = "Queues", "Queues", "{0EF8B328-1E5E-42BA-BFEC-2FC56069B12A}"
EndProject
Project("{2150E333-8FDC-42A3-9474-1A3956D46DE8}") = "Heaps", "Heaps", "{D7F443DB-1443-4F49-B34A-FF95B1B23BB2}"
EndProject
Project("{2150E333-8FDC-42A3-9474-1A3956D46DE8}") = "Hashing", "Hashing", "{0BC21B14-9A13-4BED-91AA-046BB4FEB28F}"
EndProject
Project("{2150E333-8FDC-42A3-9474-1A3956D46DE8}") = "Arrays", "Arrays", "{4414D8DB-BE23-4085-A6A9-42AC5717BCE3}"
EndProject
Project("{9A19103F-16F7-4668-BE54-9A1E7A4F7556}") = "BubbleSort", "Sorting\BubbleSort\BubbleSort.csproj", "{B3EFB36E-D349-42BB-95D9-7D3BCD099E00}"
EndProject
Project("{9A19103F-16F7-4668-BE54-9A1E7A4F7556}") = "BubbleSortBySwap", "Sorting\BubbleSortBySwap\BubbleSortBySwap.csproj", "{255F608C-7794-4FF2-BFB7-FA23398ADABA}"
EndProject
Project("{9A19103F-16F7-4668-BE54-9A1E7A4F7556}") = "MergeSort", "Sorting\MergeSort\MergeSort.csproj", "{BABC3401-67CB-4045-8031-3134F07C89E3}"
EndProject
Project("{9A19103F-16F7-4668-BE54-9A1E7A4F7556}") = "QuickSort", "Sorting\QuickSort\QuickSort.csproj", "{975BA91B-EC2F-432A-BF99-E16CAB8D1341}"
EndProject
Project("{9A19103F-16F7-4668-BE54-9A1E7A4F7556}") = "InsertionSort", "Sorting\InsertionSort\InsertionSort.csproj", "{398723B5-1272-433B-8F01-8B65EF91A39A}"
EndProject
Project("{9A19103F-16F7-4668-BE54-9A1E7A4F7556}") = "SelectionSort", "Sorting\SelectionSort\SelectionSort.csproj", "{607E2225-36A8-4420-9729-67DB143DA71A}"
EndProject
Project("{9A19103F-16F7-4668-BE54-9A1E7A4F7556}") = "HeapSort", "Sorting\HeapSort\HeapSort.csproj", "{9C3CBB29-736F-45F2-8EA3-F9FB2B556E60}"
EndProject
Project("{9A19103F-16F7-4668-BE54-9A1E7A4F7556}") = "RadixSort", "Sorting\RadixSort\RadixSort.csproj", "{5CE7BB36-C949-4114-A742-76ED570A5996}"
EndProject
Project("{9A19103F-16F7-4668-BE54-9A1E7A4F7556}") = "CountingSort", "Sorting\CountingSort\CountingSort.csproj", "{84DD72F1-C0BE-4C71-99A3-405D3990A8E1}"
EndProject
Project("{9A19103F-16F7-4668-BE54-9A1E7A4F7556}") = "ShellSort", "Sorting\ShellSort\ShellSort.csproj", "{0C0F4982-F1AE-4EA8-9F2D-B36140193E2C}"
EndProject
Project("{9A19103F-16F7-4668-BE54-9A1E7A4F7556}") = "BucketSort", "Sorting\BucketSort\BucketSort.csproj", "{C9E2192D-92A7-4FA5-8A53-6D8F02CC87D7}"
EndProject
Project("{9A19103F-16F7-4668-BE54-9A1E7A4F7556}") = "TimSort", "Sorting\TimSort\TimSort.csproj", "{4BC02C2C-E13B-4F04-8E56-61D262181FD0}"
EndProject
Project("{9A19103F-16F7-4668-BE54-9A1E7A4F7556}") = "CocktailShakerSort", "Sorting\CocktailShakerSort\CocktailShakerSort.csproj", "{AD869380-4727-4532-80FA-E4BE3EA8D913}"
EndProject
Project("{9A19103F-16F7-4668-BE54-9A1E7A4F7556}") = "GnomeSort", "Sorting\GnomeSort\GnomeSort.csproj", "{95061B6E-6ECE-4DC5-825B-6DF346DB71B6}"
EndProject
Project("{FAE04EC0-301F-11D3-BF4B-00C04F79EFBC}") = "PancakeSort", "Sorting\PancakeSort\PancakeSort.csproj", "{F617E822-EE38-4249-A780-FD9190F2C3A0}"
EndProject
Project("{FAE04EC0-301F-11D3-BF4B-00C04F79EFBC}") = "BitonicSort", "Sorting\BitonicSort\BitonicSort.csproj", "{2633EC78-1763-472E-AEEB-BBC05AAAEEE9}"
EndProject
Project("{FAE04EC0-301F-11D3-BF4B-00C04F79EFBC}") = "TreeSort", "Sorting\TreeSort\TreeSort.csproj", "{D7A53E90-0C18-47E6-BE9F-BDE1394743CC}"
EndProject
Global
	GlobalSection(SolutionConfigurationPlatforms) = preSolution
		Debug|Any CPU = Debug|Any CPU
		Release|Any CPU = Release|Any CPU
	EndGlobalSection
	GlobalSection(ProjectConfigurationPlatforms) = postSolution
		{B3EFB36E-D349-42BB-95D9-7D3BCD099E00}.Debug|Any CPU.ActiveCfg = Debug|Any CPU
		{B3EFB36E-D349-42BB-95D9-7D3BCD099E00}.Debug|Any CPU.Build.0 = Debug|Any CPU
		{B3EFB36E-D349-42BB-95D9-7D3BCD099E00}.Release|Any CPU.ActiveCfg = Release|Any CPU
		{B3EFB36E-D349-42BB-95D9-7D3BCD099E00}.Release|Any CPU.Build.0 = Release|Any CPU
		{255F608C-7794-4FF2-BFB7-FA23398ADABA}.Debug|Any CPU.ActiveCfg = Debug|Any CPU
		{255F608C-7794-4FF2-BFB7-FA23398ADABA}.Debug|Any CPU.Build.0 = Debug|Any CPU
		{255F608C-7794-4FF2-BFB7-FA23398ADABA}.Release|Any CPU.ActiveCfg = Release|Any CPU
		{255F608C-7794-4FF2-BFB7-FA23398ADABA}.Release|Any CPU.Build.0 = Release|Any CPU
		{BABC3401-67CB-4045-8031-3134F07C89E3}.Debug|Any CPU.ActiveCfg = Debug|Any CPU
		{BABC3401-67CB-4045-8031-3134F07C89E3}.Debug|Any CPU.Build.0 = Debug|Any CPU
		{BABC3401-67CB-4045-8031-3134F07C89E3}.Release|Any CPU.ActiveCfg = Release|Any CPU
		{BABC3401-67CB-4045-8031-3134F07C89E3}.Release|Any CPU.Build.0 = Release|Any CPU
		{975BA91B-EC2F-432A-BF99-E16CAB8D1341}.Debug|Any CPU.ActiveCfg = Debug|Any CPU
		{975BA91B-EC2F-432A-BF99-E16CAB8D1341}.Debug|Any CPU.Build.0 = Debug|Any CPU
		{975BA91B-EC2F-432A-BF99-E16CAB8D1341}.Release|Any CPU.ActiveCfg = Release|Any CPU
		{975BA91B-EC2F-432A-BF99-E16CAB8D1341}.Release|Any CPU.Build.0 = Release|Any CPU
		{398723B5-1272-433B-8F01-8B65EF91A39A}.Debug|Any CPU.ActiveCfg = Debug|Any CPU
		{398723B5-1272-433B-8F01-8B65EF91A39A}.Debug|Any CPU.Build.0 = Debug|Any CPU
		{398723B5-1272-433B-8F01-8B65EF91A39A}.Release|Any CPU.ActiveCfg = Release|Any CPU
		{398723B5-1272-433B-8F01-8B65EF91A39A}.Release|Any CPU.Build.0 = Release|Any CPU
		{607E2225-36A8-4420-9729-67DB143DA71A}.Debug|Any CPU.ActiveCfg = Debug|Any CPU
		{607E2225-36A8-4420-9729-67DB143DA71A}.Debug|Any CPU.Build.0 = Debug|Any CPU
		{607E2225-36A8-4420-9729-67DB143DA71A}.Release|Any CPU.ActiveCfg = Release|Any CPU
		{607E2225-36A8-4420-9729-67DB143DA71A}.Release|Any CPU.Build.0 = Release|Any CPU
		{9C3CBB29-736F-45F2-8EA3-F9FB2B556E60}.Debug|Any CPU.ActiveCfg = Debug|Any CPU
		{9C3CBB29-736F-45F2-8EA3-F9FB2B556E60}.Debug|Any CPU.Build.0 = Debug|Any CPU
		{9C3CBB29-736F-45F2-8EA3-F9FB2B556E60}.Release|Any CPU.ActiveCfg = Release|Any CPU
		{9C3CBB29-736F-45F2-8EA3-F9FB2B556E60}.Release|Any CPU.Build.0 = Release|Any CPU
		{5CE7BB36-C949-4114-A742-76ED570A5996}.Debug|Any CPU.ActiveCfg = Debug|Any CPU
		{5CE7BB36-C949-4114-A742-76ED570A5996}.Debug|Any CPU.Build.0 = Debug|Any CPU
		{5CE7BB36-C949-4114-A742-76ED570A5996}.Release|Any CPU.ActiveCfg = Release|Any CPU
		{5CE7BB36-C949-4114-A742-76ED570A5996}.Release|Any CPU.Build.0 = Release|Any CPU
		{84DD72F1-C0BE-4C71-99A3-405D3990A8E1}.Debug|Any CPU.ActiveCfg = Debug|Any CPU
		{84DD72F1-C0BE-4C71-99A3-405D3990A8E1}.Debug|Any CPU.Build.0 = Debug|Any CPU
		{84DD72F1-C0BE-4C71-99A3-405D3990A8E1}.Release|Any CPU.ActiveCfg = Release|Any CPU
		{84DD72F1-C0BE-4C71-99A3-405D3990A8E1}.Release|Any CPU.Build.0 = Release|Any CPU
		{0C0F4982-F1AE-4EA8-9F2D-B36140193E2C}.Debug|Any CPU.ActiveCfg = Debug|Any CPU
		{0C0F4982-F1AE-4EA8-9F2D-B36140193E2C}.Debug|Any CPU.Build.0 = Debug|Any CPU
		{0C0F4982-F1AE-4EA8-9F2D-B36140193E2C}.Release|Any CPU.ActiveCfg = Release|Any CPU
		{0C0F4982-F1AE-4EA8-9F2D-B36140193E2C}.Release|Any CPU.Build.0 = Release|Any CPU
		{C9E2192D-92A7-4FA5-8A53-6D8F02CC87D7}.Debug|Any CPU.ActiveCfg = Debug|Any CPU
		{C9E2192D-92A7-4FA5-8A53-6D8F02CC87D7}.Debug|Any CPU.Build.0 = Debug|Any CPU
		{C9E2192D-92A7-4FA5-8A53-6D8F02CC87D7}.Release|Any CPU.ActiveCfg = Release|Any CPU
		{C9E2192D-92A7-4FA5-8A53-6D8F02CC87D7}.Release|Any CPU.Build.0 = Release|Any CPU
		{4BC02C2C-E13B-4F04-8E56-61D262181FD0}.Debug|Any CPU.ActiveCfg = Debug|Any CPU
		{4BC02C2C-E13B-4F04-8E56-61D262181FD0}.Debug|Any CPU.Build.0 = Debug|Any CPU
		{4BC02C2C-E13B-4F04-8E56-61D262181FD0}.Release|Any CPU.ActiveCfg = Release|Any CPU
		{4BC02C2C-E13B-4F04-8E56-61D262181FD0}.Release|Any CPU.Build.0 = Release|Any CPU
		{AD869380-4727-4532-80FA-E4BE3EA8D913}.Debug|Any CPU.ActiveCfg = Debug|Any CPU
		{AD869380-4727-4532-80FA-E4BE3EA8D913}.Debug|Any CPU.Build.0 = Debug|Any CPU
		{AD869380-4727-4532-80FA-E4BE3EA8D913}.Release|Any CPU.ActiveCfg = Release|Any CPU
		{AD869380-4727-4532-80FA-E4BE3EA8D913}.Release|Any CPU.Build.0 = Release|Any CPU
		{95061B6E-6ECE-4DC5-825B-6DF346DB71B6}.Debug|Any CPU.ActiveCfg = Debug|Any CPU
		{95061B6E-6ECE-4DC5-825B-6DF346DB71B6}.Debug|Any CPU.Build.0 = Debug|Any CPU
		{95061B6E-6ECE-4DC5-825B-6DF346DB71B6}.Release|Any CPU.ActiveCfg = Release|Any CPU
		{95061B6E-6ECE-4DC5-825B-6DF346DB71B6}.Release|Any CPU.Build.0 = Release|Any CPU
		{F617E822-EE38-4249-A780-FD9190F2C3A0}.Debug|Any CPU.ActiveCfg = Debug|Any CPU
		{F617E822-EE38-4249-A780-FD9190F2C3A0}.Debug|Any CPU.Build.0 = Debug|Any CPU
		{F617E822-EE38-4249-A780-FD9190F2C3A0}.Release|Any CPU.ActiveCfg = Release|Any CPU
		{F617E822-EE38-4249-A780-FD9190F2C3A0}.Release|Any CPU.Build.0 = Release|Any CPU
		{2633EC78-1763-472E-AEEB-BBC05AAAEEE9}.Debug|Any CPU.ActiveCfg = Debug|Any CPU
		{2633EC78-1763-472E-AEEB-BBC05AAAEEE9}.Debug|Any CPU.Build.0 = Debug|Any CPU
		{2633EC78-1763-472E-AEEB-BBC05AAAEEE9}.Release|Any CPU.ActiveCfg = Release|Any CPU
		{2633EC78-1763-472E-AEEB-BBC05AAAEEE9}.Release|Any CPU.Build.0 = Release|Any CPU
		{D7A53E90-0C18-47E6-BE9F-BDE1394743CC}.Debug|Any CPU.ActiveCfg = Debug|Any CPU
		{D7A53E90-0C18-47E6-BE9F-BDE1394743CC}.Debug|Any CPU.Build.0 = Debug|Any CPU
		{D7A53E90-0C18-47E6-BE9F-BDE1394743CC}.Release|Any CPU.ActiveCfg = Release|Any CPU
		{D7A53E90-0C18-47E6-BE9F-BDE1394743CC}.Release|Any CPU.Build.0 = Release|Any CPU
	EndGlobalSection
	GlobalSection(SolutionProperties) = preSolution
		HideSolutionNode = FALSE
	EndGlobalSection
	GlobalSection(NestedProjects) = preSolution
		{B3EFB36E-D349-42BB-95D9-7D3BCD099E00} = {824B4C97-A832-4FC0-8096-40CB93F3A2E3}
		{255F608C-7794-4FF2-BFB7-FA23398ADABA} = {824B4C97-A832-4FC0-8096-40CB93F3A2E3}
		{BABC3401-67CB-4045-8031-3134F07C89E3} = {824B4C97-A832-4FC0-8096-40CB93F3A2E3}
		{975BA91B-EC2F-432A-BF99-E16CAB8D1341} = {824B4C97-A832-4FC0-8096-40CB93F3A2E3}
		{398723B5-1272-433B-8F01-8B65EF91A39A} = {824B4C97-A832-4FC0-8096-40CB93F3A2E3}
		{607E2225-36A8-4420-9729-67DB143DA71A} = {824B4C97-A832-4FC0-8096-40CB93F3A2E3}
		{9C3CBB29-736F-45F2-8EA3-F9FB2B556E60} = {824B4C97-A832-4FC0-8096-40CB93F3A2E3}
		{5CE7BB36-C949-4114-A742-76ED570A5996} = {824B4C97-A832-4FC0-8096-40CB93F3A2E3}
		{84DD72F1-C0BE-4C71-99A3-405D3990A8E1} = {824B4C97-A832-4FC0-8096-40CB93F3A2E3}
		{0C0F4982-F1AE-4EA8-9F2D-B36140193E2C} = {824B4C97-A832-4FC0-8096-40CB93F3A2E3}
		{C9E2192D-92A7-4FA5-8A53-6D8F02CC87D7} = {824B4C97-A832-4FC0-8096-40CB93F3A2E3}
		{4BC02C2C-E13B-4F04-8E56-61D262181FD0} = {824B4C97-A832-4FC0-8096-40CB93F3A2E3}
		{AD869380-4727-4532-80FA-E4BE3EA8D913} = {824B4C97-A832-4FC0-8096-40CB93F3A2E3}
		{95061B6E-6ECE-4DC5-825B-6DF346DB71B6} = {824B4C97-A832-4FC0-8096-40CB93F3A2E3}
		{F617E822-EE38-4249-A780-FD9190F2C3A0} = {824B4C97-A832-4FC0-8096-40CB93F3A2E3}
		{2633EC78-1763-472E-AEEB-BBC05AAAEEE9} = {824B4C97-A832-4FC0-8096-40CB93F3A2E3}
		{D7A53E90-0C18-47E6-BE9F-BDE1394743CC} = {824B4C97-A832-4FC0-8096-40CB93F3A2E3}
	EndGlobalSection
	GlobalSection(ExtensibilityGlobals) = postSolution
		SolutionGuid = {950BF70A-EDE2-4B36-95EE-F418B4753A00}
	EndGlobalSection
EndGlobal
