
Microsoft Visual Studio Solution File, Format Version 12.00
# Visual Studio Version 17
VisualStudioVersion = 17.9.34728.123
MinimumVisualStudioVersion = 10.0.40219.1
Project("{2150E333-8FDC-42A3-9474-1A3956D46DE8}") = "Sorting", "Sorting", "{824B4C97-A832-4FC0-8096-40CB93F3A2E3}"
EndProject
Project("{2150E333-8FDC-42A3-9474-1A3956D46DE8}") = "Searching", "Searching", "{A4A52E99-DAE0-4B27-B532-C424DC0083AD}"
EndProject
Project("{2150E333-8FDC-42A3-9474-1A3956D46DE8}") = "LinkedList", "LinkedList", "{F262DDB5-361C-4310-80AF-B00E58CE5EA4}"
EndProject
Project("{2150E333-8FDC-42A3-9474-1A3956D46DE8}") = "Trees", "Trees", "{4761137E-9424-4395-BC4C-075C90A01B44}"
EndProject
Project("{2150E333-8FDC-42A3-9474-1A3956D46DE8}") = "Graphs", "Graphs", "{18D55FCE-7D2E-4304-BF43-CF5F3CE0B895}"
EndProject
Project("{2150E333-8FDC-42A3-9474-1A3956D46DE8}") = "Stacks", "Stacks", "{6A05A3D1-6FDF-491F-8899-BCC1B7612755}"
	ProjectSection(SolutionItems) = preProject
		ReadMe.md = ReadMe.md
	EndProjectSection
EndProject
Project("{2150E333-8FDC-42A3-9474-1A3956D46DE8}") = "Queues", "Queues", "{0EF8B328-1E5E-42BA-BFEC-2FC56069B12A}"
EndProject
Project("{2150E333-8FDC-42A3-9474-1A3956D46DE8}") = "Heaps", "Heaps", "{D7F443DB-1443-4F49-B34A-FF95B1B23BB2}"
EndProject
Project("{2150E333-8FDC-42A3-9474-1A3956D46DE8}") = "Hashing", "Hashing", "{0BC21B14-9A13-4BED-91AA-046BB4FEB28F}"
EndProject
Project("{2150E333-8FDC-42A3-9474-1A3956D46DE8}") = "Arrays", "Arrays", "{4414D8DB-BE23-4085-A6A9-42AC5717BCE3}"
EndProject
Project("{9A19103F-16F7-4668-BE54-9A1E7A4F7556}") = "BubbleSort", "Sorting\BubbleSort\BubbleSort.csproj", "{B3EFB36E-D349-42BB-95D9-7D3BCD099E00}"
EndProject
Project("{9A19103F-16F7-4668-BE54-9A1E7A4F7556}") = "BubbleSortBySwap", "Sorting\BubbleSortBySwap\BubbleSortBySwap.csproj", "{255F608C-7794-4FF2-BFB7-FA23398ADABA}"
EndProject
Project("{9A19103F-16F7-4668-BE54-9A1E7A4F7556}") = "MergeSort", "Sorting\MergeSort\MergeSort.csproj", "{BABC3401-67CB-4045-8031-3134F07C89E3}"
EndProject
Project("{9A19103F-16F7-4668-BE54-9A1E7A4F7556}") = "QuickSort", "Sorting\QuickSort\QuickSort.csproj", "{975BA91B-EC2F-432A-BF99-E16CAB8D1341}"
EndProject
Project("{9A19103F-16F7-4668-BE54-9A1E7A4F7556}") = "InsertionSort", "Sorting\InsertionSort\InsertionSort.csproj", "{398723B5-1272-433B-8F01-8B65EF91A39A}"
EndProject
Project("{9A19103F-16F7-4668-BE54-9A1E7A4F7556}") = "SelectionSort", "Sorting\SelectionSort\SelectionSort.csproj", "{607E2225-36A8-4420-9729-67DB143DA71A}"
EndProject
Project("{9A19103F-16F7-4668-BE54-9A1E7A4F7556}") = "HeapSort", "Sorting\HeapSort\HeapSort.csproj", "{9C3CBB29-736F-45F2-8EA3-F9FB2B556E60}"
EndProject
Project("{9A19103F-16F7-4668-BE54-9A1E7A4F7556}") = "RadixSort", "Sorting\RadixSort\RadixSort.csproj", "{5CE7BB36-C949-4114-A742-76ED570A5996}"
EndProject
Project("{9A19103F-16F7-4668-BE54-9A1E7A4F7556}") = "CountingSort", "Sorting\CountingSort\CountingSort.csproj", "{84DD72F1-C0BE-4C71-99A3-405D3990A8E1}"
EndProject
Project("{9A19103F-16F7-4668-BE54-9A1E7A4F7556}") = "ShellSort", "Sorting\ShellSort\ShellSort.csproj", "{0C0F4982-F1AE-4EA8-9F2D-B36140193E2C}"
EndProject
Project("{9A19103F-16F7-4668-BE54-9A1E7A4F7556}") = "BucketSort", "Sorting\BucketSort\BucketSort.csproj", "{C9E2192D-92A7-4FA5-8A53-6D8F02CC87D7}"
EndProject
Project("{9A19103F-16F7-4668-BE54-9A1E7A4F7556}") = "TimSort", "Sorting\TimSort\TimSort.csproj", "{4BC02C2C-E13B-4F04-8E56-61D262181FD0}"
EndProject
Project("{9A19103F-16F7-4668-BE54-9A1E7A4F7556}") = "CocktailShakerSort", "Sorting\CocktailShakerSort\CocktailShakerSort.csproj", "{AD869380-4727-4532-80FA-E4BE3EA8D913}"
EndProject
Project("{9A19103F-16F7-4668-BE54-9A1E7A4F7556}") = "GnomeSort", "Sorting\GnomeSort\GnomeSort.csproj", "{95061B6E-6ECE-4DC5-825B-6DF346DB71B6}"
EndProject
Project("{9A19103F-16F7-4668-BE54-9A1E7A4F7556}") = "PancakeSort", "Sorting\PancakeSort\PancakeSort.csproj", "{F617E822-EE38-4249-A780-FD9190F2C3A0}"
EndProject
Project("{9A19103F-16F7-4668-BE54-9A1E7A4F7556}") = "BitonicSort", "Sorting\BitonicSort\BitonicSort.csproj", "{2633EC78-1763-472E-AEEB-BBC05AAAEEE9}"
EndProject
Project("{9A19103F-16F7-4668-BE54-9A1E7A4F7556}") = "TreeSort", "Sorting\TreeSort\TreeSort.csproj", "{D7A53E90-0C18-47E6-BE9F-BDE1394743CC}"
EndProject
Project("{9A19103F-16F7-4668-BE54-9A1E7A4F7556}") = "PigeonholeSort", "Sorting\PigeonholeSort\PigeonholeSort.csproj", "{F363E79E-601C-44BD-B3A0-70641E60FC8A}"
EndProject
Project("{9A19103F-16F7-4668-BE54-9A1E7A4F7556}") = "CycleSort", "Sorting\CycleSort\CycleSort.csproj", "{0CEE8664-CB8D-4DAF-B332-17E43E56717F}"
EndProject
Project("{9A19103F-16F7-4668-BE54-9A1E7A4F7556}") = "OddEvenSort", "Sorting\OddEvenSort\OddEvenSort.csproj", "{3EA83F64-CECC-4D0B-B164-F22F59E45AA8}"
EndProject
Project("{9A19103F-16F7-4668-BE54-9A1E7A4F7556}") = "BogoSort", "Sorting\BogoSort\BogoSort.csproj", "{BF22164E-B6E4-49EB-9DF6-64D544FD81AC}"
EndProject
Project("{9A19103F-16F7-4668-BE54-9A1E7A4F7556}") = "StoogeSort", "Sorting\StoogeSort\StoogeSort.csproj", "{D516964B-36E3-418E-8B18-6A293756E180}"
EndProject
Project("{9A19103F-16F7-4668-BE54-9A1E7A4F7556}") = "FlashSort", "Sorting\FlashSort\FlashSort.csproj", "{5B995283-D7AB-4C15-97F5-1A155BED123A}"
EndProject
Project("{9A19103F-16F7-4668-BE54-9A1E7A4F7556}") = "CombSort", "Sorting\CombSort\CombSort.csproj", "{977C7654-60D5-4949-81D3-7680FAEEB37E}"
EndProject
Project("{9A19103F-16F7-4668-BE54-9A1E7A4F7556}") = "LinearSearch", "Searching\LinearSearch\LinearSearch.csproj", "{CBCEFEC0-32C6-439A-985C-4BF65C541CC6}"
EndProject
Project("{9A19103F-16F7-4668-BE54-9A1E7A4F7556}") = "LinearSearchArray", "Searching\LinearSearchArray\LinearSearchArray.csproj", "{E8577D10-9A5F-41E2-8C2E-A8B537187E25}"
EndProject
Project("{9A19103F-16F7-4668-BE54-9A1E7A4F7556}") = "LinearSearchList", "Searching\LinearSearchList\LinearSearchList.csproj", "{E77E0B56-F9C0-4480-8B1E-EB477DC470D6}"
EndProject
Project("{9A19103F-16F7-4668-BE54-9A1E7A4F7556}") = "LinearSearchRecursive", "Searching\LinearSearchRecursive\LinearSearchRecursive.csproj", "{D29BEA43-07D3-4F30-BFF5-34C5D0CE68E2}"
EndProject
Project("{9A19103F-16F7-4668-BE54-9A1E7A4F7556}") = "LinearSearchGeneric", "Searching\LinearSearchGeneric\LinearSearchGeneric.csproj", "{1C77F125-9066-424B-97AA-E8BF36BC6877}"
EndProject
Project("{9A19103F-16F7-4668-BE54-9A1E7A4F7556}") = "BinarySearchIterative", "Searching\BinarySearchIterative\BinarySearchIterative.csproj", "{D7A16D63-AA7B-4C33-9431-7D0363BE0403}"
EndProject
Project("{9A19103F-16F7-4668-BE54-9A1E7A4F7556}") = "PatienceSort", "Sorting\PatienceSort\PatienceSort.csproj", "{84973B92-0819-447A-BF87-30BC64E25878}"
EndProject
Project("{9A19103F-16F7-4668-BE54-9A1E7A4F7556}") = "BinarySearchRecursive", "Searching\BinarySearchRecursive\BinarySearchRecursive.csproj", "{7FA7972E-4B80-4333-93EF-09C14F55AABD}"
EndProject
Project("{9A19103F-16F7-4668-BE54-9A1E7A4F7556}") = "SleepSort", "Sorting\SleepSort\SleepSort.csproj", "{C9B3F259-1684-4996-B873-BBB3EF2F5C7A}"
EndProject
Project("{9A19103F-16F7-4668-BE54-9A1E7A4F7556}") = "LinkedListDefault", "LinkedList\LinkedListDefault\LinkedListDefault.csproj", "{53991737-CBE2-40B9-8589-05AD065001BA}"
EndProject
Project("{9A19103F-16F7-4668-BE54-9A1E7A4F7556}") = "SinglyLinkedList", "LinkedList\SinglyLinkedList\SinglyLinkedList.csproj", "{EAA049EE-61A3-46AE-B992-95760B212549}"
EndProject
Project("{9A19103F-16F7-4668-BE54-9A1E7A4F7556}") = "DoublyLinkedList", "LinkedList\DoublyLinkedList\DoublyLinkedList.csproj", "{69B56D67-1370-4AF5-8B85-964523D15457}"
EndProject
Project("{9A19103F-16F7-4668-BE54-9A1E7A4F7556}") = "CircularLinkedList", "LinkedList\CircularLinkedList\CircularLinkedList.csproj", "{F3572F23-6A80-4AAA-AD33-A837AA201A09}"
EndProject
Project("{9A19103F-16F7-4668-BE54-9A1E7A4F7556}") = "BinarySearchArrayBuiltIn", "Searching\BinarySearchArrayBuiltIn\BinarySearchArrayBuiltIn.csproj", "{05190D51-2BC3-4836-BAF9-FEFCF3F1A606}"
EndProject
Project("{9A19103F-16F7-4668-BE54-9A1E7A4F7556}") = "BinarySearchListBuiltIn", "Searching\BinarySearchListBuiltIn\BinarySearchListBuiltIn.csproj", "{671CB5AD-8B2D-449F-84B1-660FCA5A66F1}"
EndProject
Project("{9A19103F-16F7-4668-BE54-9A1E7A4F7556}") = "BinarySearchFirstOccurrence", "Searching\BinarySearchFirstOccurrence\BinarySearchFirstOccurrence.csproj", "{7CBFC44D-EF63-49B5-A038-C481342D689B}"
EndProject
Project("{9A19103F-16F7-4668-BE54-9A1E7A4F7556}") = "BinarySearchLastOccurrence", "Searching\BinarySearchLastOccurrence\BinarySearchLastOccurrence.csproj", "{97E90E83-EA27-4F5C-B506-732F053FFECB}"
EndProject
Project("{9A19103F-16F7-4668-BE54-9A1E7A4F7556}") = "StackDefault", "Stacks\StackDefault\StackDefault.csproj", "{E00C440A-9B83-4FF3-B28A-C5C0D905DD64}"
EndProject
Project("{9A19103F-16F7-4668-BE54-9A1E7A4F7556}") = "StackCustom", "Stacks\StackCustom\StackCustom.csproj", "{BF94FBD1-5C58-431A-8D68-A9D7B10BAFA5}"
EndProject
Project("{9A19103F-16F7-4668-BE54-9A1E7A4F7556}") = "ConcurrentStack", "Stacks\ConcurrentStack\ConcurrentStack.csproj", "{8FE082BF-8EDF-4DF3-89C0-E8531E8EEB35}"
EndProject
Project("{9A19103F-16F7-4668-BE54-9A1E7A4F7556}") = "StackLinkedList", "Stacks\StackLinkedList\StackLinkedList.csproj", "{1D108600-746D-4266-BD7A-50EB24704AAD}"
EndProject
Project("{9A19103F-16F7-4668-BE54-9A1E7A4F7556}") = "HashTableSearch", "Searching\HashTableSearch\HashTableSearch.csproj", "{2AEF1532-7150-47B1-9BFE-AF97EEAB62B1}"
EndProject
Project("{9A19103F-16F7-4668-BE54-9A1E7A4F7556}") = "DictionarySearch", "Searching\DictionarySearch\DictionarySearch.csproj", "{28C474B1-52F5-4D18-BFAF-03BCB0243989}"
EndProject
Project("{9A19103F-16F7-4668-BE54-9A1E7A4F7556}") = "WaveSort", "Sorting\WaveSort\WaveSort.csproj", "{0BA4F2A0-14C6-4100-A46A-598E14DC9619}"
EndProject
Project("{9A19103F-16F7-4668-BE54-9A1E7A4F7556}") = "SmoothSort", "Sorting\SmoothSort\SmoothSort.csproj", "{3F0F112C-8B60-4B5C-9F4B-92F29BD5D13C}"
EndProject
Project("{9A19103F-16F7-4668-BE54-9A1E7A4F7556}") = "StrandSort", "Sorting\StrandSort\StrandSort.csproj", "{B037C1D0-1239-4A09-9777-B2199829FD68}"
EndProject
Project("{9A19103F-16F7-4668-BE54-9A1E7A4F7556}") = "TreesDefault", "Trees\TreesDefault\TreesDefault.csproj", "{57CC8119-A76F-4AB5-8417-BFADAF62C481}"
EndProject
Project("{9A19103F-16F7-4668-BE54-9A1E7A4F7556}") = "BinaryTree", "Trees\BinaryTree\BinaryTree.csproj", "{0B26D847-D7EC-4F05-AB61-0546622015C8}"
EndProject
Project("{9A19103F-16F7-4668-BE54-9A1E7A4F7556}") = "Trie", "Trees\Trie\Trie.csproj", "{D3578874-ABF1-4531-B6F6-BE9ED2F0BBB3}"
EndProject
Project("{9A19103F-16F7-4668-BE54-9A1E7A4F7556}") = "TreeFileSystem", "Trees\TreeFileSystem\TreeFileSystem.csproj", "{8EC67D66-F216-4987-8451-5ADDE5FFD7B6}"
EndProject
Project("{9A19103F-16F7-4668-BE54-9A1E7A4F7556}") = "Tree-DFS", "Trees\Tree-DFS\Tree-DFS.csproj", "{E38BDB64-5615-4957-8AC9-AD6BD52DA152}"
EndProject
Project("{9A19103F-16F7-4668-BE54-9A1E7A4F7556}") = "TreeDFSIterative", "Trees\TreeDFSIterative\TreeDFSIterative.csproj", "{3634D615-59F3-4DEC-8E85-289E4256BD34}"
EndProject
Project("{9A19103F-16F7-4668-BE54-9A1E7A4F7556}") = "QueueDefault", "Queues\QueueDefault\QueueDefault.csproj", "{035B83AD-4A24-4270-B524-B67E70F0A6CC}"
EndProject
Project("{9A19103F-16F7-4668-BE54-9A1E7A4F7556}") = "QueueBFS", "Queues\QueueBFS\QueueBFS.csproj", "{2C817BAA-8020-4EF5-9EFA-8EF2B19FCD0E}"
EndProject
Project("{9A19103F-16F7-4668-BE54-9A1E7A4F7556}") = "QueueDataBufferingSimulation", "Queues\QueueDataBufferingSimulation\QueueDataBufferingSimulation.csproj", "{8155FCEE-EF3F-4C25-AAF5-4B71DDAF1D14}"
EndProject
Project("{9A19103F-16F7-4668-BE54-9A1E7A4F7556}") = "DijkstraSearch", "Searching\DijkstraSearch\DijkstraSearch.csproj", "{AF53FC45-DA3F-4F7D-9AD8-1497DC88B8CF}"
EndProject
Project("{9A19103F-16F7-4668-BE54-9A1E7A4F7556}") = "SkipListsSearch", "Searching\SkipListsSearch\SkipListsSearch.csproj", "{A0B6DEBE-7BE5-43DC-B1B1-84CBBF51C623}"
EndProject
Project("{9A19103F-16F7-4668-BE54-9A1E7A4F7556}") = "TernarySearch", "Searching\TernarySearch\TernarySearch.csproj", "{3A48ADF0-FBD9-4351-AE24-C155F9FFAABD}"
EndProject
Project("{9A19103F-16F7-4668-BE54-9A1E7A4F7556}") = "TernarySearchUnimodal Functions", "Searching\TernarySearchUnimodal Functions\TernarySearchUnimodal Functions.csproj", "{A53CD897-B900-4C11-AF39-366F8F7D2B2B}"
EndProject
Project("{9A19103F-16F7-4668-BE54-9A1E7A4F7556}") = "ExponentialSearch", "Searching\ExponentialSearch\ExponentialSearch.csproj", "{9A174926-4D61-4E73-A096-C2D74F7B0D4D}"
EndProject
Project("{9A19103F-16F7-4668-BE54-9A1E7A4F7556}") = "FibonacciSearch", "Searching\FibonacciSearch\FibonacciSearch.csproj", "{4B15C33A-4AC2-4387-9D01-175986F26468}"
EndProject
Project("{9A19103F-16F7-4668-BE54-9A1E7A4F7556}") = "JumpSearch", "Searching\JumpSearch\JumpSearch.csproj", "{8C4CD9BB-7B9F-4CCD-A9C5-DB18F84EE73E}"
EndProject
Project("{9A19103F-16F7-4668-BE54-9A1E7A4F7556}") = "AVLTreeSearch", "Searching\AVLTreeSearch\AVLTreeSearch.csproj", "{615388D2-544B-481C-BFF5-B6DDA93D707C}"
EndProject
Project("{9A19103F-16F7-4668-BE54-9A1E7A4F7556}") = "RedBlackTreeSearch", "Searching\RedBlackTreeSearch\RedBlackTreeSearch.csproj", "{DCAEBD69-677D-4734-9A9C-1CF2F4627F37}"
EndProject
Project("{9A19103F-16F7-4668-BE54-9A1E7A4F7556}") = "B-TreesSearch", "Searching\B-TreesSearch\B-TreesSearch.csproj", "{B904194E-4599-4F39-B8B8-37A5BC3F9B86}"
EndProject
Project("{9A19103F-16F7-4668-BE54-9A1E7A4F7556}") = "2-3TreesSearch", "Searching\2-3TreesSearch\2-3TreesSearch.csproj", "{2213E08A-80DD-482E-B08B-9C45CC9F83A6}"
EndProject
Project("{9A19103F-16F7-4668-BE54-9A1E7A4F7556}") = "PatriciaTrieSearch", "Searching\PatriciaTrieSearch\PatriciaTrieSearch.csproj", "{5EB72B10-A1AB-48C8-9428-F1A135422EFD}"
EndProject
Project("{9A19103F-16F7-4668-BE54-9A1E7A4F7556}") = "BellmanFordAlgoSearch", "Searching\BellmanFordAlgoSearch\BellmanFordAlgoSearch.csproj", "{E1EE21CB-9931-4C19-BCED-690729E94015}"
EndProject
Project("{9A19103F-16F7-4668-BE54-9A1E7A4F7556}") = "CuckooHashingSearch", "Searching\CuckooHashingSearch\CuckooHashingSearch.csproj", "{C9BF38DF-00F6-4698-88A2-4344210D940A}"
EndProject
Project("{9A19103F-16F7-4668-BE54-9A1E7A4F7556}") = "KMPAlgorithm", "Searching\KMPAlgorithm\KMPAlgorithm.csproj", "{119738E5-82AC-4278-9CA2-43A8FDD69584}"
EndProject
Project("{9A19103F-16F7-4668-BE54-9A1E7A4F7556}") = "RabinKarpSearch", "Searching\RabinKarpSearch\RabinKarpSearch.csproj", "{04800CB2-C711-4BBB-B3EE-EEC367886112}"
EndProject
Project("{9A19103F-16F7-4668-BE54-9A1E7A4F7556}") = "BoyerMooreSearch", "Searching\BoyerMooreSearch\BoyerMooreSearch.csproj", "{5FFCF8A1-0A28-4800-898D-5EC1CF8DF20D}"
EndProject
Project("{9A19103F-16F7-4668-BE54-9A1E7A4F7556}") = "AhoCorasickSearch", "Searching\AhoCorasickSearch\AhoCorasickSearch.csproj", "{DF03D81F-1B79-410B-895A-617578B8096E}"
EndProject
Project("{9A19103F-16F7-4668-BE54-9A1E7A4F7556}") = "SegmentTreeSearch", "Searching\SegmentTreeSearch\SegmentTreeSearch.csproj", "{A44D8E6B-2804-4AB9-8E69-63EE8B57719D}"
EndProject
Project("{9A19103F-16F7-4668-BE54-9A1E7A4F7556}") = "FenwickTreeSearch", "Searching\FenwickTreeSearch\FenwickTreeSearch.csproj", "{58C8AB10-6FB5-4B54-A1F0-3F6100D49B35}"
EndProject
Project("{9A19103F-16F7-4668-BE54-9A1E7A4F7556}") = "SparseTableSearch", "Searching\SparseTableSearch\SparseTableSearch.csproj", "{EA3AC74D-777F-4DFF-AA61-24E8C4D7D3B8}"
EndProject
Project("{9A19103F-16F7-4668-BE54-9A1E7A4F7556}") = "CartesianTreeSearch", "Searching\CartesianTreeSearch\CartesianTreeSearch.csproj", "{DBFDE08E-79B3-448E-A522-67E83AD61318}"
EndProject
Project("{9A19103F-16F7-4668-BE54-9A1E7A4F7556}") = "BitwiseTrieSearch", "Searching\BitwiseTrieSearch\BitwiseTrieSearch.csproj", "{A7814302-E77A-4982-8D99-F68C356D0155}"
EndProject
Project("{9A19103F-16F7-4668-BE54-9A1E7A4F7556}") = "BitwiseTrieXORMaximizationSearch", "Searching\BitwiseTrieXORMaximizationSearch\BitwiseTrieXORMaximizationSearch.csproj", "{8A134939-816F-4A1D-B98F-FAFD85AD9053}"
EndProject
Project("{9A19103F-16F7-4668-BE54-9A1E7A4F7556}") = "HopcroftKarpSearch", "Searching\HopcroftKarpSearch\HopcroftKarpSearch.csproj", "{1A62A18E-D05F-43B4-BD66-0BFB14082748}"
EndProject
Project("{9A19103F-16F7-4668-BE54-9A1E7A4F7556}") = "WildcardSearchTrie", "Searching\WildcardSearchTrie\WildcardSearchTrie.csproj", "{E1FC89B3-9A74-443B-BB34-50E3F93E1305}"
EndProject
Project("{9A19103F-16F7-4668-BE54-9A1E7A4F7556}") = "HeapSimple", "Heaps\HeapSimple\HeapSimple.csproj", "{155FEC1C-F1FB-42F2-ABD8-9F840136F7D3}"
EndProject
Project("{9A19103F-16F7-4668-BE54-9A1E7A4F7556}") = "HeapVsStack", "Heaps\HeapVsStack\HeapVsStack.csproj", "{EFC245EA-A13F-431D-8699-DEA8413CC6F6}"
EndProject
Project("{9A19103F-16F7-4668-BE54-9A1E7A4F7556}") = "HeapObjectPool", "Heaps\HeapObjectPool\HeapObjectPool.csproj", "{40705DCB-E162-425B-97D5-C574F25E50F8}"
EndProject
Project("{9A19103F-16F7-4668-BE54-9A1E7A4F7556}") = "HeapLargeObjectHeapOptimization", "Heaps\HeapLargeObjectHeapOptimization\HeapLargeObjectHeapOptimization.csproj", "{81140EE9-360B-4DA1-B2FE-B5D8A38A511A}"
EndProject
Project("{9A19103F-16F7-4668-BE54-9A1E7A4F7556}") = "WeakReference", "Heaps\WeakReference\WeakReference.csproj", "{D82EBB68-3083-4F86-B604-410CD98E6D45}"
EndProject
Project("{9A19103F-16F7-4668-BE54-9A1E7A4F7556}") = "MemoryMappedFile", "Heaps\MemoryMappedFile\MemoryMappedFile.csproj", "{C62E5980-183B-4A9E-8871-9542B892A193}"
EndProject
Project("{9A19103F-16F7-4668-BE54-9A1E7A4F7556}") = "Stackalloc", "Heaps\Stackalloc\Stackalloc.csproj", "{F04E3C9C-54BB-45FD-973C-29570A4FAB68}"
EndProject
Project("{9A19103F-16F7-4668-BE54-9A1E7A4F7556}") = "SpanUnsafeMemoryManipulation", "Heaps\SpanUnsafeMemoryManipulation\SpanUnsafeMemoryManipulation.csproj", "{02D2E3EA-4238-46D6-A6A4-F8FED6A25784}"
EndProject
Project("{9A19103F-16F7-4668-BE54-9A1E7A4F7556}") = "SpanArraySlicing", "Heaps\SpanArraySlicing\SpanArraySlicing.csproj", "{8C70C9E9-86A1-483E-A6A5-07C6D407643A}"
EndProject
Project("{9A19103F-16F7-4668-BE54-9A1E7A4F7556}") = "SpanWithNoHeapAllocation", "Heaps\SpanWithNoHeapAllocation\SpanWithNoHeapAllocation.csproj", "{1B839C5C-A249-4069-9C84-9B77CE6027A6}"
EndProject
Project("{FAE04EC0-301F-11D3-BF4B-00C04F79EFBC}") = "MemoryTAllocation", "Heaps\MemoryTAllocation\MemoryTAllocation.csproj", "{7A32995A-5096-4BAC-828D-0B40ECE79A34}"
EndProject
Project("{FAE04EC0-301F-11D3-BF4B-00C04F79EFBC}") = "SpanStringManipulation", "Heaps\SpanStringManipulation\SpanStringManipulation.csproj", "{62C4C72C-CD41-4AF0-94A1-0D4EBF8A26EF}"
EndProject
Global
	GlobalSection(SolutionConfigurationPlatforms) = preSolution
		Debug|Any CPU = Debug|Any CPU
		Release|Any CPU = Release|Any CPU
	EndGlobalSection
	GlobalSection(ProjectConfigurationPlatforms) = postSolution
		{B3EFB36E-D349-42BB-95D9-7D3BCD099E00}.Debug|Any CPU.ActiveCfg = Debug|Any CPU
		{B3EFB36E-D349-42BB-95D9-7D3BCD099E00}.Debug|Any CPU.Build.0 = Debug|Any CPU
		{B3EFB36E-D349-42BB-95D9-7D3BCD099E00}.Release|Any CPU.ActiveCfg = Release|Any CPU
		{B3EFB36E-D349-42BB-95D9-7D3BCD099E00}.Release|Any CPU.Build.0 = Release|Any CPU
		{255F608C-7794-4FF2-BFB7-FA23398ADABA}.Debug|Any CPU.ActiveCfg = Debug|Any CPU
		{255F608C-7794-4FF2-BFB7-FA23398ADABA}.Debug|Any CPU.Build.0 = Debug|Any CPU
		{255F608C-7794-4FF2-BFB7-FA23398ADABA}.Release|Any CPU.ActiveCfg = Release|Any CPU
		{255F608C-7794-4FF2-BFB7-FA23398ADABA}.Release|Any CPU.Build.0 = Release|Any CPU
		{BABC3401-67CB-4045-8031-3134F07C89E3}.Debug|Any CPU.ActiveCfg = Debug|Any CPU
		{BABC3401-67CB-4045-8031-3134F07C89E3}.Debug|Any CPU.Build.0 = Debug|Any CPU
		{BABC3401-67CB-4045-8031-3134F07C89E3}.Release|Any CPU.ActiveCfg = Release|Any CPU
		{BABC3401-67CB-4045-8031-3134F07C89E3}.Release|Any CPU.Build.0 = Release|Any CPU
		{975BA91B-EC2F-432A-BF99-E16CAB8D1341}.Debug|Any CPU.ActiveCfg = Debug|Any CPU
		{975BA91B-EC2F-432A-BF99-E16CAB8D1341}.Debug|Any CPU.Build.0 = Debug|Any CPU
		{975BA91B-EC2F-432A-BF99-E16CAB8D1341}.Release|Any CPU.ActiveCfg = Release|Any CPU
		{975BA91B-EC2F-432A-BF99-E16CAB8D1341}.Release|Any CPU.Build.0 = Release|Any CPU
		{398723B5-1272-433B-8F01-8B65EF91A39A}.Debug|Any CPU.ActiveCfg = Debug|Any CPU
		{398723B5-1272-433B-8F01-8B65EF91A39A}.Debug|Any CPU.Build.0 = Debug|Any CPU
		{398723B5-1272-433B-8F01-8B65EF91A39A}.Release|Any CPU.ActiveCfg = Release|Any CPU
		{398723B5-1272-433B-8F01-8B65EF91A39A}.Release|Any CPU.Build.0 = Release|Any CPU
		{607E2225-36A8-4420-9729-67DB143DA71A}.Debug|Any CPU.ActiveCfg = Debug|Any CPU
		{607E2225-36A8-4420-9729-67DB143DA71A}.Debug|Any CPU.Build.0 = Debug|Any CPU
		{607E2225-36A8-4420-9729-67DB143DA71A}.Release|Any CPU.ActiveCfg = Release|Any CPU
		{607E2225-36A8-4420-9729-67DB143DA71A}.Release|Any CPU.Build.0 = Release|Any CPU
		{9C3CBB29-736F-45F2-8EA3-F9FB2B556E60}.Debug|Any CPU.ActiveCfg = Debug|Any CPU
		{9C3CBB29-736F-45F2-8EA3-F9FB2B556E60}.Debug|Any CPU.Build.0 = Debug|Any CPU
		{9C3CBB29-736F-45F2-8EA3-F9FB2B556E60}.Release|Any CPU.ActiveCfg = Release|Any CPU
		{9C3CBB29-736F-45F2-8EA3-F9FB2B556E60}.Release|Any CPU.Build.0 = Release|Any CPU
		{5CE7BB36-C949-4114-A742-76ED570A5996}.Debug|Any CPU.ActiveCfg = Debug|Any CPU
		{5CE7BB36-C949-4114-A742-76ED570A5996}.Debug|Any CPU.Build.0 = Debug|Any CPU
		{5CE7BB36-C949-4114-A742-76ED570A5996}.Release|Any CPU.ActiveCfg = Release|Any CPU
		{5CE7BB36-C949-4114-A742-76ED570A5996}.Release|Any CPU.Build.0 = Release|Any CPU
		{84DD72F1-C0BE-4C71-99A3-405D3990A8E1}.Debug|Any CPU.ActiveCfg = Debug|Any CPU
		{84DD72F1-C0BE-4C71-99A3-405D3990A8E1}.Debug|Any CPU.Build.0 = Debug|Any CPU
		{84DD72F1-C0BE-4C71-99A3-405D3990A8E1}.Release|Any CPU.ActiveCfg = Release|Any CPU
		{84DD72F1-C0BE-4C71-99A3-405D3990A8E1}.Release|Any CPU.Build.0 = Release|Any CPU
		{0C0F4982-F1AE-4EA8-9F2D-B36140193E2C}.Debug|Any CPU.ActiveCfg = Debug|Any CPU
		{0C0F4982-F1AE-4EA8-9F2D-B36140193E2C}.Debug|Any CPU.Build.0 = Debug|Any CPU
		{0C0F4982-F1AE-4EA8-9F2D-B36140193E2C}.Release|Any CPU.ActiveCfg = Release|Any CPU
		{0C0F4982-F1AE-4EA8-9F2D-B36140193E2C}.Release|Any CPU.Build.0 = Release|Any CPU
		{C9E2192D-92A7-4FA5-8A53-6D8F02CC87D7}.Debug|Any CPU.ActiveCfg = Debug|Any CPU
		{C9E2192D-92A7-4FA5-8A53-6D8F02CC87D7}.Debug|Any CPU.Build.0 = Debug|Any CPU
		{C9E2192D-92A7-4FA5-8A53-6D8F02CC87D7}.Release|Any CPU.ActiveCfg = Release|Any CPU
		{C9E2192D-92A7-4FA5-8A53-6D8F02CC87D7}.Release|Any CPU.Build.0 = Release|Any CPU
		{4BC02C2C-E13B-4F04-8E56-61D262181FD0}.Debug|Any CPU.ActiveCfg = Debug|Any CPU
		{4BC02C2C-E13B-4F04-8E56-61D262181FD0}.Debug|Any CPU.Build.0 = Debug|Any CPU
		{4BC02C2C-E13B-4F04-8E56-61D262181FD0}.Release|Any CPU.ActiveCfg = Release|Any CPU
		{4BC02C2C-E13B-4F04-8E56-61D262181FD0}.Release|Any CPU.Build.0 = Release|Any CPU
		{AD869380-4727-4532-80FA-E4BE3EA8D913}.Debug|Any CPU.ActiveCfg = Debug|Any CPU
		{AD869380-4727-4532-80FA-E4BE3EA8D913}.Debug|Any CPU.Build.0 = Debug|Any CPU
		{AD869380-4727-4532-80FA-E4BE3EA8D913}.Release|Any CPU.ActiveCfg = Release|Any CPU
		{AD869380-4727-4532-80FA-E4BE3EA8D913}.Release|Any CPU.Build.0 = Release|Any CPU
		{95061B6E-6ECE-4DC5-825B-6DF346DB71B6}.Debug|Any CPU.ActiveCfg = Debug|Any CPU
		{95061B6E-6ECE-4DC5-825B-6DF346DB71B6}.Debug|Any CPU.Build.0 = Debug|Any CPU
		{95061B6E-6ECE-4DC5-825B-6DF346DB71B6}.Release|Any CPU.ActiveCfg = Release|Any CPU
		{95061B6E-6ECE-4DC5-825B-6DF346DB71B6}.Release|Any CPU.Build.0 = Release|Any CPU
		{F617E822-EE38-4249-A780-FD9190F2C3A0}.Debug|Any CPU.ActiveCfg = Debug|Any CPU
		{F617E822-EE38-4249-A780-FD9190F2C3A0}.Debug|Any CPU.Build.0 = Debug|Any CPU
		{F617E822-EE38-4249-A780-FD9190F2C3A0}.Release|Any CPU.ActiveCfg = Release|Any CPU
		{F617E822-EE38-4249-A780-FD9190F2C3A0}.Release|Any CPU.Build.0 = Release|Any CPU
		{2633EC78-1763-472E-AEEB-BBC05AAAEEE9}.Debug|Any CPU.ActiveCfg = Debug|Any CPU
		{2633EC78-1763-472E-AEEB-BBC05AAAEEE9}.Debug|Any CPU.Build.0 = Debug|Any CPU
		{2633EC78-1763-472E-AEEB-BBC05AAAEEE9}.Release|Any CPU.ActiveCfg = Release|Any CPU
		{2633EC78-1763-472E-AEEB-BBC05AAAEEE9}.Release|Any CPU.Build.0 = Release|Any CPU
		{D7A53E90-0C18-47E6-BE9F-BDE1394743CC}.Debug|Any CPU.ActiveCfg = Debug|Any CPU
		{D7A53E90-0C18-47E6-BE9F-BDE1394743CC}.Debug|Any CPU.Build.0 = Debug|Any CPU
		{D7A53E90-0C18-47E6-BE9F-BDE1394743CC}.Release|Any CPU.ActiveCfg = Release|Any CPU
		{D7A53E90-0C18-47E6-BE9F-BDE1394743CC}.Release|Any CPU.Build.0 = Release|Any CPU
		{F363E79E-601C-44BD-B3A0-70641E60FC8A}.Debug|Any CPU.ActiveCfg = Debug|Any CPU
		{F363E79E-601C-44BD-B3A0-70641E60FC8A}.Debug|Any CPU.Build.0 = Debug|Any CPU
		{F363E79E-601C-44BD-B3A0-70641E60FC8A}.Release|Any CPU.ActiveCfg = Release|Any CPU
		{F363E79E-601C-44BD-B3A0-70641E60FC8A}.Release|Any CPU.Build.0 = Release|Any CPU
		{0CEE8664-CB8D-4DAF-B332-17E43E56717F}.Debug|Any CPU.ActiveCfg = Debug|Any CPU
		{0CEE8664-CB8D-4DAF-B332-17E43E56717F}.Debug|Any CPU.Build.0 = Debug|Any CPU
		{0CEE8664-CB8D-4DAF-B332-17E43E56717F}.Release|Any CPU.ActiveCfg = Release|Any CPU
		{0CEE8664-CB8D-4DAF-B332-17E43E56717F}.Release|Any CPU.Build.0 = Release|Any CPU
		{3EA83F64-CECC-4D0B-B164-F22F59E45AA8}.Debug|Any CPU.ActiveCfg = Debug|Any CPU
		{3EA83F64-CECC-4D0B-B164-F22F59E45AA8}.Debug|Any CPU.Build.0 = Debug|Any CPU
		{3EA83F64-CECC-4D0B-B164-F22F59E45AA8}.Release|Any CPU.ActiveCfg = Release|Any CPU
		{3EA83F64-CECC-4D0B-B164-F22F59E45AA8}.Release|Any CPU.Build.0 = Release|Any CPU
		{BF22164E-B6E4-49EB-9DF6-64D544FD81AC}.Debug|Any CPU.ActiveCfg = Debug|Any CPU
		{BF22164E-B6E4-49EB-9DF6-64D544FD81AC}.Debug|Any CPU.Build.0 = Debug|Any CPU
		{BF22164E-B6E4-49EB-9DF6-64D544FD81AC}.Release|Any CPU.ActiveCfg = Release|Any CPU
		{BF22164E-B6E4-49EB-9DF6-64D544FD81AC}.Release|Any CPU.Build.0 = Release|Any CPU
		{D516964B-36E3-418E-8B18-6A293756E180}.Debug|Any CPU.ActiveCfg = Debug|Any CPU
		{D516964B-36E3-418E-8B18-6A293756E180}.Debug|Any CPU.Build.0 = Debug|Any CPU
		{D516964B-36E3-418E-8B18-6A293756E180}.Release|Any CPU.ActiveCfg = Release|Any CPU
		{D516964B-36E3-418E-8B18-6A293756E180}.Release|Any CPU.Build.0 = Release|Any CPU
		{5B995283-D7AB-4C15-97F5-1A155BED123A}.Debug|Any CPU.ActiveCfg = Debug|Any CPU
		{5B995283-D7AB-4C15-97F5-1A155BED123A}.Debug|Any CPU.Build.0 = Debug|Any CPU
		{5B995283-D7AB-4C15-97F5-1A155BED123A}.Release|Any CPU.ActiveCfg = Release|Any CPU
		{5B995283-D7AB-4C15-97F5-1A155BED123A}.Release|Any CPU.Build.0 = Release|Any CPU
		{977C7654-60D5-4949-81D3-7680FAEEB37E}.Debug|Any CPU.ActiveCfg = Debug|Any CPU
		{977C7654-60D5-4949-81D3-7680FAEEB37E}.Debug|Any CPU.Build.0 = Debug|Any CPU
		{977C7654-60D5-4949-81D3-7680FAEEB37E}.Release|Any CPU.ActiveCfg = Release|Any CPU
		{977C7654-60D5-4949-81D3-7680FAEEB37E}.Release|Any CPU.Build.0 = Release|Any CPU
		{CBCEFEC0-32C6-439A-985C-4BF65C541CC6}.Debug|Any CPU.ActiveCfg = Debug|Any CPU
		{CBCEFEC0-32C6-439A-985C-4BF65C541CC6}.Debug|Any CPU.Build.0 = Debug|Any CPU
		{CBCEFEC0-32C6-439A-985C-4BF65C541CC6}.Release|Any CPU.ActiveCfg = Release|Any CPU
		{CBCEFEC0-32C6-439A-985C-4BF65C541CC6}.Release|Any CPU.Build.0 = Release|Any CPU
		{E8577D10-9A5F-41E2-8C2E-A8B537187E25}.Debug|Any CPU.ActiveCfg = Debug|Any CPU
		{E8577D10-9A5F-41E2-8C2E-A8B537187E25}.Debug|Any CPU.Build.0 = Debug|Any CPU
		{E8577D10-9A5F-41E2-8C2E-A8B537187E25}.Release|Any CPU.ActiveCfg = Release|Any CPU
		{E8577D10-9A5F-41E2-8C2E-A8B537187E25}.Release|Any CPU.Build.0 = Release|Any CPU
		{E77E0B56-F9C0-4480-8B1E-EB477DC470D6}.Debug|Any CPU.ActiveCfg = Debug|Any CPU
		{E77E0B56-F9C0-4480-8B1E-EB477DC470D6}.Debug|Any CPU.Build.0 = Debug|Any CPU
		{E77E0B56-F9C0-4480-8B1E-EB477DC470D6}.Release|Any CPU.ActiveCfg = Release|Any CPU
		{E77E0B56-F9C0-4480-8B1E-EB477DC470D6}.Release|Any CPU.Build.0 = Release|Any CPU
		{D29BEA43-07D3-4F30-BFF5-34C5D0CE68E2}.Debug|Any CPU.ActiveCfg = Debug|Any CPU
		{D29BEA43-07D3-4F30-BFF5-34C5D0CE68E2}.Debug|Any CPU.Build.0 = Debug|Any CPU
		{D29BEA43-07D3-4F30-BFF5-34C5D0CE68E2}.Release|Any CPU.ActiveCfg = Release|Any CPU
		{D29BEA43-07D3-4F30-BFF5-34C5D0CE68E2}.Release|Any CPU.Build.0 = Release|Any CPU
		{1C77F125-9066-424B-97AA-E8BF36BC6877}.Debug|Any CPU.ActiveCfg = Debug|Any CPU
		{1C77F125-9066-424B-97AA-E8BF36BC6877}.Debug|Any CPU.Build.0 = Debug|Any CPU
		{1C77F125-9066-424B-97AA-E8BF36BC6877}.Release|Any CPU.ActiveCfg = Release|Any CPU
		{1C77F125-9066-424B-97AA-E8BF36BC6877}.Release|Any CPU.Build.0 = Release|Any CPU
		{D7A16D63-AA7B-4C33-9431-7D0363BE0403}.Debug|Any CPU.ActiveCfg = Debug|Any CPU
		{D7A16D63-AA7B-4C33-9431-7D0363BE0403}.Debug|Any CPU.Build.0 = Debug|Any CPU
		{D7A16D63-AA7B-4C33-9431-7D0363BE0403}.Release|Any CPU.ActiveCfg = Release|Any CPU
		{D7A16D63-AA7B-4C33-9431-7D0363BE0403}.Release|Any CPU.Build.0 = Release|Any CPU
		{84973B92-0819-447A-BF87-30BC64E25878}.Debug|Any CPU.ActiveCfg = Debug|Any CPU
		{84973B92-0819-447A-BF87-30BC64E25878}.Debug|Any CPU.Build.0 = Debug|Any CPU
		{84973B92-0819-447A-BF87-30BC64E25878}.Release|Any CPU.ActiveCfg = Release|Any CPU
		{84973B92-0819-447A-BF87-30BC64E25878}.Release|Any CPU.Build.0 = Release|Any CPU
		{7FA7972E-4B80-4333-93EF-09C14F55AABD}.Debug|Any CPU.ActiveCfg = Debug|Any CPU
		{7FA7972E-4B80-4333-93EF-09C14F55AABD}.Debug|Any CPU.Build.0 = Debug|Any CPU
		{7FA7972E-4B80-4333-93EF-09C14F55AABD}.Release|Any CPU.ActiveCfg = Release|Any CPU
		{7FA7972E-4B80-4333-93EF-09C14F55AABD}.Release|Any CPU.Build.0 = Release|Any CPU
		{C9B3F259-1684-4996-B873-BBB3EF2F5C7A}.Debug|Any CPU.ActiveCfg = Debug|Any CPU
		{C9B3F259-1684-4996-B873-BBB3EF2F5C7A}.Debug|Any CPU.Build.0 = Debug|Any CPU
		{C9B3F259-1684-4996-B873-BBB3EF2F5C7A}.Release|Any CPU.ActiveCfg = Release|Any CPU
		{C9B3F259-1684-4996-B873-BBB3EF2F5C7A}.Release|Any CPU.Build.0 = Release|Any CPU
		{53991737-CBE2-40B9-8589-05AD065001BA}.Debug|Any CPU.ActiveCfg = Debug|Any CPU
		{53991737-CBE2-40B9-8589-05AD065001BA}.Debug|Any CPU.Build.0 = Debug|Any CPU
		{53991737-CBE2-40B9-8589-05AD065001BA}.Release|Any CPU.ActiveCfg = Release|Any CPU
		{53991737-CBE2-40B9-8589-05AD065001BA}.Release|Any CPU.Build.0 = Release|Any CPU
		{EAA049EE-61A3-46AE-B992-95760B212549}.Debug|Any CPU.ActiveCfg = Debug|Any CPU
		{EAA049EE-61A3-46AE-B992-95760B212549}.Debug|Any CPU.Build.0 = Debug|Any CPU
		{EAA049EE-61A3-46AE-B992-95760B212549}.Release|Any CPU.ActiveCfg = Release|Any CPU
		{EAA049EE-61A3-46AE-B992-95760B212549}.Release|Any CPU.Build.0 = Release|Any CPU
		{69B56D67-1370-4AF5-8B85-964523D15457}.Debug|Any CPU.ActiveCfg = Debug|Any CPU
		{69B56D67-1370-4AF5-8B85-964523D15457}.Debug|Any CPU.Build.0 = Debug|Any CPU
		{69B56D67-1370-4AF5-8B85-964523D15457}.Release|Any CPU.ActiveCfg = Release|Any CPU
		{69B56D67-1370-4AF5-8B85-964523D15457}.Release|Any CPU.Build.0 = Release|Any CPU
		{F3572F23-6A80-4AAA-AD33-A837AA201A09}.Debug|Any CPU.ActiveCfg = Debug|Any CPU
		{F3572F23-6A80-4AAA-AD33-A837AA201A09}.Debug|Any CPU.Build.0 = Debug|Any CPU
		{F3572F23-6A80-4AAA-AD33-A837AA201A09}.Release|Any CPU.ActiveCfg = Release|Any CPU
		{F3572F23-6A80-4AAA-AD33-A837AA201A09}.Release|Any CPU.Build.0 = Release|Any CPU
		{05190D51-2BC3-4836-BAF9-FEFCF3F1A606}.Debug|Any CPU.ActiveCfg = Debug|Any CPU
		{05190D51-2BC3-4836-BAF9-FEFCF3F1A606}.Debug|Any CPU.Build.0 = Debug|Any CPU
		{05190D51-2BC3-4836-BAF9-FEFCF3F1A606}.Release|Any CPU.ActiveCfg = Release|Any CPU
		{05190D51-2BC3-4836-BAF9-FEFCF3F1A606}.Release|Any CPU.Build.0 = Release|Any CPU
		{671CB5AD-8B2D-449F-84B1-660FCA5A66F1}.Debug|Any CPU.ActiveCfg = Debug|Any CPU
		{671CB5AD-8B2D-449F-84B1-660FCA5A66F1}.Debug|Any CPU.Build.0 = Debug|Any CPU
		{671CB5AD-8B2D-449F-84B1-660FCA5A66F1}.Release|Any CPU.ActiveCfg = Release|Any CPU
		{671CB5AD-8B2D-449F-84B1-660FCA5A66F1}.Release|Any CPU.Build.0 = Release|Any CPU
		{7CBFC44D-EF63-49B5-A038-C481342D689B}.Debug|Any CPU.ActiveCfg = Debug|Any CPU
		{7CBFC44D-EF63-49B5-A038-C481342D689B}.Debug|Any CPU.Build.0 = Debug|Any CPU
		{7CBFC44D-EF63-49B5-A038-C481342D689B}.Release|Any CPU.ActiveCfg = Release|Any CPU
		{7CBFC44D-EF63-49B5-A038-C481342D689B}.Release|Any CPU.Build.0 = Release|Any CPU
		{97E90E83-EA27-4F5C-B506-732F053FFECB}.Debug|Any CPU.ActiveCfg = Debug|Any CPU
		{97E90E83-EA27-4F5C-B506-732F053FFECB}.Debug|Any CPU.Build.0 = Debug|Any CPU
		{97E90E83-EA27-4F5C-B506-732F053FFECB}.Release|Any CPU.ActiveCfg = Release|Any CPU
		{97E90E83-EA27-4F5C-B506-732F053FFECB}.Release|Any CPU.Build.0 = Release|Any CPU
		{E00C440A-9B83-4FF3-B28A-C5C0D905DD64}.Debug|Any CPU.ActiveCfg = Debug|Any CPU
		{E00C440A-9B83-4FF3-B28A-C5C0D905DD64}.Debug|Any CPU.Build.0 = Debug|Any CPU
		{E00C440A-9B83-4FF3-B28A-C5C0D905DD64}.Release|Any CPU.ActiveCfg = Release|Any CPU
		{E00C440A-9B83-4FF3-B28A-C5C0D905DD64}.Release|Any CPU.Build.0 = Release|Any CPU
		{BF94FBD1-5C58-431A-8D68-A9D7B10BAFA5}.Debug|Any CPU.ActiveCfg = Debug|Any CPU
		{BF94FBD1-5C58-431A-8D68-A9D7B10BAFA5}.Debug|Any CPU.Build.0 = Debug|Any CPU
		{BF94FBD1-5C58-431A-8D68-A9D7B10BAFA5}.Release|Any CPU.ActiveCfg = Release|Any CPU
		{BF94FBD1-5C58-431A-8D68-A9D7B10BAFA5}.Release|Any CPU.Build.0 = Release|Any CPU
		{8FE082BF-8EDF-4DF3-89C0-E8531E8EEB35}.Debug|Any CPU.ActiveCfg = Debug|Any CPU
		{8FE082BF-8EDF-4DF3-89C0-E8531E8EEB35}.Debug|Any CPU.Build.0 = Debug|Any CPU
		{8FE082BF-8EDF-4DF3-89C0-E8531E8EEB35}.Release|Any CPU.ActiveCfg = Release|Any CPU
		{8FE082BF-8EDF-4DF3-89C0-E8531E8EEB35}.Release|Any CPU.Build.0 = Release|Any CPU
		{1D108600-746D-4266-BD7A-50EB24704AAD}.Debug|Any CPU.ActiveCfg = Debug|Any CPU
		{1D108600-746D-4266-BD7A-50EB24704AAD}.Debug|Any CPU.Build.0 = Debug|Any CPU
		{1D108600-746D-4266-BD7A-50EB24704AAD}.Release|Any CPU.ActiveCfg = Release|Any CPU
		{1D108600-746D-4266-BD7A-50EB24704AAD}.Release|Any CPU.Build.0 = Release|Any CPU
		{2AEF1532-7150-47B1-9BFE-AF97EEAB62B1}.Debug|Any CPU.ActiveCfg = Debug|Any CPU
		{2AEF1532-7150-47B1-9BFE-AF97EEAB62B1}.Debug|Any CPU.Build.0 = Debug|Any CPU
		{2AEF1532-7150-47B1-9BFE-AF97EEAB62B1}.Release|Any CPU.ActiveCfg = Release|Any CPU
		{2AEF1532-7150-47B1-9BFE-AF97EEAB62B1}.Release|Any CPU.Build.0 = Release|Any CPU
		{28C474B1-52F5-4D18-BFAF-03BCB0243989}.Debug|Any CPU.ActiveCfg = Debug|Any CPU
		{28C474B1-52F5-4D18-BFAF-03BCB0243989}.Debug|Any CPU.Build.0 = Debug|Any CPU
		{28C474B1-52F5-4D18-BFAF-03BCB0243989}.Release|Any CPU.ActiveCfg = Release|Any CPU
		{28C474B1-52F5-4D18-BFAF-03BCB0243989}.Release|Any CPU.Build.0 = Release|Any CPU
		{0BA4F2A0-14C6-4100-A46A-598E14DC9619}.Debug|Any CPU.ActiveCfg = Debug|Any CPU
		{0BA4F2A0-14C6-4100-A46A-598E14DC9619}.Debug|Any CPU.Build.0 = Debug|Any CPU
		{0BA4F2A0-14C6-4100-A46A-598E14DC9619}.Release|Any CPU.ActiveCfg = Release|Any CPU
		{0BA4F2A0-14C6-4100-A46A-598E14DC9619}.Release|Any CPU.Build.0 = Release|Any CPU
		{3F0F112C-8B60-4B5C-9F4B-92F29BD5D13C}.Debug|Any CPU.ActiveCfg = Debug|Any CPU
		{3F0F112C-8B60-4B5C-9F4B-92F29BD5D13C}.Debug|Any CPU.Build.0 = Debug|Any CPU
		{3F0F112C-8B60-4B5C-9F4B-92F29BD5D13C}.Release|Any CPU.ActiveCfg = Release|Any CPU
		{3F0F112C-8B60-4B5C-9F4B-92F29BD5D13C}.Release|Any CPU.Build.0 = Release|Any CPU
		{B037C1D0-1239-4A09-9777-B2199829FD68}.Debug|Any CPU.ActiveCfg = Debug|Any CPU
		{B037C1D0-1239-4A09-9777-B2199829FD68}.Debug|Any CPU.Build.0 = Debug|Any CPU
		{B037C1D0-1239-4A09-9777-B2199829FD68}.Release|Any CPU.ActiveCfg = Release|Any CPU
		{B037C1D0-1239-4A09-9777-B2199829FD68}.Release|Any CPU.Build.0 = Release|Any CPU
		{57CC8119-A76F-4AB5-8417-BFADAF62C481}.Debug|Any CPU.ActiveCfg = Debug|Any CPU
		{57CC8119-A76F-4AB5-8417-BFADAF62C481}.Debug|Any CPU.Build.0 = Debug|Any CPU
		{57CC8119-A76F-4AB5-8417-BFADAF62C481}.Release|Any CPU.ActiveCfg = Release|Any CPU
		{57CC8119-A76F-4AB5-8417-BFADAF62C481}.Release|Any CPU.Build.0 = Release|Any CPU
		{0B26D847-D7EC-4F05-AB61-0546622015C8}.Debug|Any CPU.ActiveCfg = Debug|Any CPU
		{0B26D847-D7EC-4F05-AB61-0546622015C8}.Debug|Any CPU.Build.0 = Debug|Any CPU
		{0B26D847-D7EC-4F05-AB61-0546622015C8}.Release|Any CPU.ActiveCfg = Release|Any CPU
		{0B26D847-D7EC-4F05-AB61-0546622015C8}.Release|Any CPU.Build.0 = Release|Any CPU
		{D3578874-ABF1-4531-B6F6-BE9ED2F0BBB3}.Debug|Any CPU.ActiveCfg = Debug|Any CPU
		{D3578874-ABF1-4531-B6F6-BE9ED2F0BBB3}.Debug|Any CPU.Build.0 = Debug|Any CPU
		{D3578874-ABF1-4531-B6F6-BE9ED2F0BBB3}.Release|Any CPU.ActiveCfg = Release|Any CPU
		{D3578874-ABF1-4531-B6F6-BE9ED2F0BBB3}.Release|Any CPU.Build.0 = Release|Any CPU
		{8EC67D66-F216-4987-8451-5ADDE5FFD7B6}.Debug|Any CPU.ActiveCfg = Debug|Any CPU
		{8EC67D66-F216-4987-8451-5ADDE5FFD7B6}.Debug|Any CPU.Build.0 = Debug|Any CPU
		{8EC67D66-F216-4987-8451-5ADDE5FFD7B6}.Release|Any CPU.ActiveCfg = Release|Any CPU
		{8EC67D66-F216-4987-8451-5ADDE5FFD7B6}.Release|Any CPU.Build.0 = Release|Any CPU
		{E38BDB64-5615-4957-8AC9-AD6BD52DA152}.Debug|Any CPU.ActiveCfg = Debug|Any CPU
		{E38BDB64-5615-4957-8AC9-AD6BD52DA152}.Debug|Any CPU.Build.0 = Debug|Any CPU
		{E38BDB64-5615-4957-8AC9-AD6BD52DA152}.Release|Any CPU.ActiveCfg = Release|Any CPU
		{E38BDB64-5615-4957-8AC9-AD6BD52DA152}.Release|Any CPU.Build.0 = Release|Any CPU
		{3634D615-59F3-4DEC-8E85-289E4256BD34}.Debug|Any CPU.ActiveCfg = Debug|Any CPU
		{3634D615-59F3-4DEC-8E85-289E4256BD34}.Debug|Any CPU.Build.0 = Debug|Any CPU
		{3634D615-59F3-4DEC-8E85-289E4256BD34}.Release|Any CPU.ActiveCfg = Release|Any CPU
		{3634D615-59F3-4DEC-8E85-289E4256BD34}.Release|Any CPU.Build.0 = Release|Any CPU
		{035B83AD-4A24-4270-B524-B67E70F0A6CC}.Debug|Any CPU.ActiveCfg = Debug|Any CPU
		{035B83AD-4A24-4270-B524-B67E70F0A6CC}.Debug|Any CPU.Build.0 = Debug|Any CPU
		{035B83AD-4A24-4270-B524-B67E70F0A6CC}.Release|Any CPU.ActiveCfg = Release|Any CPU
		{035B83AD-4A24-4270-B524-B67E70F0A6CC}.Release|Any CPU.Build.0 = Release|Any CPU
		{2C817BAA-8020-4EF5-9EFA-8EF2B19FCD0E}.Debug|Any CPU.ActiveCfg = Debug|Any CPU
		{2C817BAA-8020-4EF5-9EFA-8EF2B19FCD0E}.Debug|Any CPU.Build.0 = Debug|Any CPU
		{2C817BAA-8020-4EF5-9EFA-8EF2B19FCD0E}.Release|Any CPU.ActiveCfg = Release|Any CPU
		{2C817BAA-8020-4EF5-9EFA-8EF2B19FCD0E}.Release|Any CPU.Build.0 = Release|Any CPU
		{8155FCEE-EF3F-4C25-AAF5-4B71DDAF1D14}.Debug|Any CPU.ActiveCfg = Debug|Any CPU
		{8155FCEE-EF3F-4C25-AAF5-4B71DDAF1D14}.Debug|Any CPU.Build.0 = Debug|Any CPU
		{8155FCEE-EF3F-4C25-AAF5-4B71DDAF1D14}.Release|Any CPU.ActiveCfg = Release|Any CPU
		{8155FCEE-EF3F-4C25-AAF5-4B71DDAF1D14}.Release|Any CPU.Build.0 = Release|Any CPU
		{AF53FC45-DA3F-4F7D-9AD8-1497DC88B8CF}.Debug|Any CPU.ActiveCfg = Debug|Any CPU
		{AF53FC45-DA3F-4F7D-9AD8-1497DC88B8CF}.Debug|Any CPU.Build.0 = Debug|Any CPU
		{AF53FC45-DA3F-4F7D-9AD8-1497DC88B8CF}.Release|Any CPU.ActiveCfg = Release|Any CPU
		{AF53FC45-DA3F-4F7D-9AD8-1497DC88B8CF}.Release|Any CPU.Build.0 = Release|Any CPU
		{A0B6DEBE-7BE5-43DC-B1B1-84CBBF51C623}.Debug|Any CPU.ActiveCfg = Debug|Any CPU
		{A0B6DEBE-7BE5-43DC-B1B1-84CBBF51C623}.Debug|Any CPU.Build.0 = Debug|Any CPU
		{A0B6DEBE-7BE5-43DC-B1B1-84CBBF51C623}.Release|Any CPU.ActiveCfg = Release|Any CPU
		{A0B6DEBE-7BE5-43DC-B1B1-84CBBF51C623}.Release|Any CPU.Build.0 = Release|Any CPU
		{3A48ADF0-FBD9-4351-AE24-C155F9FFAABD}.Debug|Any CPU.ActiveCfg = Debug|Any CPU
		{3A48ADF0-FBD9-4351-AE24-C155F9FFAABD}.Debug|Any CPU.Build.0 = Debug|Any CPU
		{3A48ADF0-FBD9-4351-AE24-C155F9FFAABD}.Release|Any CPU.ActiveCfg = Release|Any CPU
		{3A48ADF0-FBD9-4351-AE24-C155F9FFAABD}.Release|Any CPU.Build.0 = Release|Any CPU
		{A53CD897-B900-4C11-AF39-366F8F7D2B2B}.Debug|Any CPU.ActiveCfg = Debug|Any CPU
		{A53CD897-B900-4C11-AF39-366F8F7D2B2B}.Debug|Any CPU.Build.0 = Debug|Any CPU
		{A53CD897-B900-4C11-AF39-366F8F7D2B2B}.Release|Any CPU.ActiveCfg = Release|Any CPU
		{A53CD897-B900-4C11-AF39-366F8F7D2B2B}.Release|Any CPU.Build.0 = Release|Any CPU
		{9A174926-4D61-4E73-A096-C2D74F7B0D4D}.Debug|Any CPU.ActiveCfg = Debug|Any CPU
		{9A174926-4D61-4E73-A096-C2D74F7B0D4D}.Debug|Any CPU.Build.0 = Debug|Any CPU
		{9A174926-4D61-4E73-A096-C2D74F7B0D4D}.Release|Any CPU.ActiveCfg = Release|Any CPU
		{9A174926-4D61-4E73-A096-C2D74F7B0D4D}.Release|Any CPU.Build.0 = Release|Any CPU
		{4B15C33A-4AC2-4387-9D01-175986F26468}.Debug|Any CPU.ActiveCfg = Debug|Any CPU
		{4B15C33A-4AC2-4387-9D01-175986F26468}.Debug|Any CPU.Build.0 = Debug|Any CPU
		{4B15C33A-4AC2-4387-9D01-175986F26468}.Release|Any CPU.ActiveCfg = Release|Any CPU
		{4B15C33A-4AC2-4387-9D01-175986F26468}.Release|Any CPU.Build.0 = Release|Any CPU
		{8C4CD9BB-7B9F-4CCD-A9C5-DB18F84EE73E}.Debug|Any CPU.ActiveCfg = Debug|Any CPU
		{8C4CD9BB-7B9F-4CCD-A9C5-DB18F84EE73E}.Debug|Any CPU.Build.0 = Debug|Any CPU
		{8C4CD9BB-7B9F-4CCD-A9C5-DB18F84EE73E}.Release|Any CPU.ActiveCfg = Release|Any CPU
		{8C4CD9BB-7B9F-4CCD-A9C5-DB18F84EE73E}.Release|Any CPU.Build.0 = Release|Any CPU
		{615388D2-544B-481C-BFF5-B6DDA93D707C}.Debug|Any CPU.ActiveCfg = Debug|Any CPU
		{615388D2-544B-481C-BFF5-B6DDA93D707C}.Debug|Any CPU.Build.0 = Debug|Any CPU
		{615388D2-544B-481C-BFF5-B6DDA93D707C}.Release|Any CPU.ActiveCfg = Release|Any CPU
		{615388D2-544B-481C-BFF5-B6DDA93D707C}.Release|Any CPU.Build.0 = Release|Any CPU
		{DCAEBD69-677D-4734-9A9C-1CF2F4627F37}.Debug|Any CPU.ActiveCfg = Debug|Any CPU
		{DCAEBD69-677D-4734-9A9C-1CF2F4627F37}.Debug|Any CPU.Build.0 = Debug|Any CPU
		{DCAEBD69-677D-4734-9A9C-1CF2F4627F37}.Release|Any CPU.ActiveCfg = Release|Any CPU
		{DCAEBD69-677D-4734-9A9C-1CF2F4627F37}.Release|Any CPU.Build.0 = Release|Any CPU
		{B904194E-4599-4F39-B8B8-37A5BC3F9B86}.Debug|Any CPU.ActiveCfg = Debug|Any CPU
		{B904194E-4599-4F39-B8B8-37A5BC3F9B86}.Debug|Any CPU.Build.0 = Debug|Any CPU
		{B904194E-4599-4F39-B8B8-37A5BC3F9B86}.Release|Any CPU.ActiveCfg = Release|Any CPU
		{B904194E-4599-4F39-B8B8-37A5BC3F9B86}.Release|Any CPU.Build.0 = Release|Any CPU
		{2213E08A-80DD-482E-B08B-9C45CC9F83A6}.Debug|Any CPU.ActiveCfg = Debug|Any CPU
		{2213E08A-80DD-482E-B08B-9C45CC9F83A6}.Debug|Any CPU.Build.0 = Debug|Any CPU
		{2213E08A-80DD-482E-B08B-9C45CC9F83A6}.Release|Any CPU.ActiveCfg = Release|Any CPU
		{2213E08A-80DD-482E-B08B-9C45CC9F83A6}.Release|Any CPU.Build.0 = Release|Any CPU
		{5EB72B10-A1AB-48C8-9428-F1A135422EFD}.Debug|Any CPU.ActiveCfg = Debug|Any CPU
		{5EB72B10-A1AB-48C8-9428-F1A135422EFD}.Debug|Any CPU.Build.0 = Debug|Any CPU
		{5EB72B10-A1AB-48C8-9428-F1A135422EFD}.Release|Any CPU.ActiveCfg = Release|Any CPU
		{5EB72B10-A1AB-48C8-9428-F1A135422EFD}.Release|Any CPU.Build.0 = Release|Any CPU
		{E1EE21CB-9931-4C19-BCED-690729E94015}.Debug|Any CPU.ActiveCfg = Debug|Any CPU
		{E1EE21CB-9931-4C19-BCED-690729E94015}.Debug|Any CPU.Build.0 = Debug|Any CPU
		{E1EE21CB-9931-4C19-BCED-690729E94015}.Release|Any CPU.ActiveCfg = Release|Any CPU
		{E1EE21CB-9931-4C19-BCED-690729E94015}.Release|Any CPU.Build.0 = Release|Any CPU
		{C9BF38DF-00F6-4698-88A2-4344210D940A}.Debug|Any CPU.ActiveCfg = Debug|Any CPU
		{C9BF38DF-00F6-4698-88A2-4344210D940A}.Debug|Any CPU.Build.0 = Debug|Any CPU
		{C9BF38DF-00F6-4698-88A2-4344210D940A}.Release|Any CPU.ActiveCfg = Release|Any CPU
		{C9BF38DF-00F6-4698-88A2-4344210D940A}.Release|Any CPU.Build.0 = Release|Any CPU
		{119738E5-82AC-4278-9CA2-43A8FDD69584}.Debug|Any CPU.ActiveCfg = Debug|Any CPU
		{119738E5-82AC-4278-9CA2-43A8FDD69584}.Debug|Any CPU.Build.0 = Debug|Any CPU
		{119738E5-82AC-4278-9CA2-43A8FDD69584}.Release|Any CPU.ActiveCfg = Release|Any CPU
		{119738E5-82AC-4278-9CA2-43A8FDD69584}.Release|Any CPU.Build.0 = Release|Any CPU
		{04800CB2-C711-4BBB-B3EE-EEC367886112}.Debug|Any CPU.ActiveCfg = Debug|Any CPU
		{04800CB2-C711-4BBB-B3EE-EEC367886112}.Debug|Any CPU.Build.0 = Debug|Any CPU
		{04800CB2-C711-4BBB-B3EE-EEC367886112}.Release|Any CPU.ActiveCfg = Release|Any CPU
		{04800CB2-C711-4BBB-B3EE-EEC367886112}.Release|Any CPU.Build.0 = Release|Any CPU
		{5FFCF8A1-0A28-4800-898D-5EC1CF8DF20D}.Debug|Any CPU.ActiveCfg = Debug|Any CPU
		{5FFCF8A1-0A28-4800-898D-5EC1CF8DF20D}.Debug|Any CPU.Build.0 = Debug|Any CPU
		{5FFCF8A1-0A28-4800-898D-5EC1CF8DF20D}.Release|Any CPU.ActiveCfg = Release|Any CPU
		{5FFCF8A1-0A28-4800-898D-5EC1CF8DF20D}.Release|Any CPU.Build.0 = Release|Any CPU
		{DF03D81F-1B79-410B-895A-617578B8096E}.Debug|Any CPU.ActiveCfg = Debug|Any CPU
		{DF03D81F-1B79-410B-895A-617578B8096E}.Debug|Any CPU.Build.0 = Debug|Any CPU
		{DF03D81F-1B79-410B-895A-617578B8096E}.Release|Any CPU.ActiveCfg = Release|Any CPU
		{DF03D81F-1B79-410B-895A-617578B8096E}.Release|Any CPU.Build.0 = Release|Any CPU
		{A44D8E6B-2804-4AB9-8E69-63EE8B57719D}.Debug|Any CPU.ActiveCfg = Debug|Any CPU
		{A44D8E6B-2804-4AB9-8E69-63EE8B57719D}.Debug|Any CPU.Build.0 = Debug|Any CPU
		{A44D8E6B-2804-4AB9-8E69-63EE8B57719D}.Release|Any CPU.ActiveCfg = Release|Any CPU
		{A44D8E6B-2804-4AB9-8E69-63EE8B57719D}.Release|Any CPU.Build.0 = Release|Any CPU
		{58C8AB10-6FB5-4B54-A1F0-3F6100D49B35}.Debug|Any CPU.ActiveCfg = Debug|Any CPU
		{58C8AB10-6FB5-4B54-A1F0-3F6100D49B35}.Debug|Any CPU.Build.0 = Debug|Any CPU
		{58C8AB10-6FB5-4B54-A1F0-3F6100D49B35}.Release|Any CPU.ActiveCfg = Release|Any CPU
		{58C8AB10-6FB5-4B54-A1F0-3F6100D49B35}.Release|Any CPU.Build.0 = Release|Any CPU
		{EA3AC74D-777F-4DFF-AA61-24E8C4D7D3B8}.Debug|Any CPU.ActiveCfg = Debug|Any CPU
		{EA3AC74D-777F-4DFF-AA61-24E8C4D7D3B8}.Debug|Any CPU.Build.0 = Debug|Any CPU
		{EA3AC74D-777F-4DFF-AA61-24E8C4D7D3B8}.Release|Any CPU.ActiveCfg = Release|Any CPU
		{EA3AC74D-777F-4DFF-AA61-24E8C4D7D3B8}.Release|Any CPU.Build.0 = Release|Any CPU
		{DBFDE08E-79B3-448E-A522-67E83AD61318}.Debug|Any CPU.ActiveCfg = Debug|Any CPU
		{DBFDE08E-79B3-448E-A522-67E83AD61318}.Debug|Any CPU.Build.0 = Debug|Any CPU
		{DBFDE08E-79B3-448E-A522-67E83AD61318}.Release|Any CPU.ActiveCfg = Release|Any CPU
		{DBFDE08E-79B3-448E-A522-67E83AD61318}.Release|Any CPU.Build.0 = Release|Any CPU
		{A7814302-E77A-4982-8D99-F68C356D0155}.Debug|Any CPU.ActiveCfg = Debug|Any CPU
		{A7814302-E77A-4982-8D99-F68C356D0155}.Debug|Any CPU.Build.0 = Debug|Any CPU
		{A7814302-E77A-4982-8D99-F68C356D0155}.Release|Any CPU.ActiveCfg = Release|Any CPU
		{A7814302-E77A-4982-8D99-F68C356D0155}.Release|Any CPU.Build.0 = Release|Any CPU
		{8A134939-816F-4A1D-B98F-FAFD85AD9053}.Debug|Any CPU.ActiveCfg = Debug|Any CPU
		{8A134939-816F-4A1D-B98F-FAFD85AD9053}.Debug|Any CPU.Build.0 = Debug|Any CPU
		{8A134939-816F-4A1D-B98F-FAFD85AD9053}.Release|Any CPU.ActiveCfg = Release|Any CPU
		{8A134939-816F-4A1D-B98F-FAFD85AD9053}.Release|Any CPU.Build.0 = Release|Any CPU
		{1A62A18E-D05F-43B4-BD66-0BFB14082748}.Debug|Any CPU.ActiveCfg = Debug|Any CPU
		{1A62A18E-D05F-43B4-BD66-0BFB14082748}.Debug|Any CPU.Build.0 = Debug|Any CPU
		{1A62A18E-D05F-43B4-BD66-0BFB14082748}.Release|Any CPU.ActiveCfg = Release|Any CPU
		{1A62A18E-D05F-43B4-BD66-0BFB14082748}.Release|Any CPU.Build.0 = Release|Any CPU
		{E1FC89B3-9A74-443B-BB34-50E3F93E1305}.Debug|Any CPU.ActiveCfg = Debug|Any CPU
		{E1FC89B3-9A74-443B-BB34-50E3F93E1305}.Debug|Any CPU.Build.0 = Debug|Any CPU
		{E1FC89B3-9A74-443B-BB34-50E3F93E1305}.Release|Any CPU.ActiveCfg = Release|Any CPU
		{E1FC89B3-9A74-443B-BB34-50E3F93E1305}.Release|Any CPU.Build.0 = Release|Any CPU
		{155FEC1C-F1FB-42F2-ABD8-9F840136F7D3}.Debug|Any CPU.ActiveCfg = Debug|Any CPU
		{155FEC1C-F1FB-42F2-ABD8-9F840136F7D3}.Debug|Any CPU.Build.0 = Debug|Any CPU
		{155FEC1C-F1FB-42F2-ABD8-9F840136F7D3}.Release|Any CPU.ActiveCfg = Release|Any CPU
		{155FEC1C-F1FB-42F2-ABD8-9F840136F7D3}.Release|Any CPU.Build.0 = Release|Any CPU
		{EFC245EA-A13F-431D-8699-DEA8413CC6F6}.Debug|Any CPU.ActiveCfg = Debug|Any CPU
		{EFC245EA-A13F-431D-8699-DEA8413CC6F6}.Debug|Any CPU.Build.0 = Debug|Any CPU
		{EFC245EA-A13F-431D-8699-DEA8413CC6F6}.Release|Any CPU.ActiveCfg = Release|Any CPU
		{EFC245EA-A13F-431D-8699-DEA8413CC6F6}.Release|Any CPU.Build.0 = Release|Any CPU
		{40705DCB-E162-425B-97D5-C574F25E50F8}.Debug|Any CPU.ActiveCfg = Debug|Any CPU
		{40705DCB-E162-425B-97D5-C574F25E50F8}.Debug|Any CPU.Build.0 = Debug|Any CPU
		{40705DCB-E162-425B-97D5-C574F25E50F8}.Release|Any CPU.ActiveCfg = Release|Any CPU
		{40705DCB-E162-425B-97D5-C574F25E50F8}.Release|Any CPU.Build.0 = Release|Any CPU
		{81140EE9-360B-4DA1-B2FE-B5D8A38A511A}.Debug|Any CPU.ActiveCfg = Debug|Any CPU
		{81140EE9-360B-4DA1-B2FE-B5D8A38A511A}.Debug|Any CPU.Build.0 = Debug|Any CPU
		{81140EE9-360B-4DA1-B2FE-B5D8A38A511A}.Release|Any CPU.ActiveCfg = Release|Any CPU
		{81140EE9-360B-4DA1-B2FE-B5D8A38A511A}.Release|Any CPU.Build.0 = Release|Any CPU
		{D82EBB68-3083-4F86-B604-410CD98E6D45}.Debug|Any CPU.ActiveCfg = Debug|Any CPU
		{D82EBB68-3083-4F86-B604-410CD98E6D45}.Debug|Any CPU.Build.0 = Debug|Any CPU
		{D82EBB68-3083-4F86-B604-410CD98E6D45}.Release|Any CPU.ActiveCfg = Release|Any CPU
		{D82EBB68-3083-4F86-B604-410CD98E6D45}.Release|Any CPU.Build.0 = Release|Any CPU
		{C62E5980-183B-4A9E-8871-9542B892A193}.Debug|Any CPU.ActiveCfg = Debug|Any CPU
		{C62E5980-183B-4A9E-8871-9542B892A193}.Debug|Any CPU.Build.0 = Debug|Any CPU
		{C62E5980-183B-4A9E-8871-9542B892A193}.Release|Any CPU.ActiveCfg = Release|Any CPU
		{C62E5980-183B-4A9E-8871-9542B892A193}.Release|Any CPU.Build.0 = Release|Any CPU
		{F04E3C9C-54BB-45FD-973C-29570A4FAB68}.Debug|Any CPU.ActiveCfg = Debug|Any CPU
		{F04E3C9C-54BB-45FD-973C-29570A4FAB68}.Debug|Any CPU.Build.0 = Debug|Any CPU
		{F04E3C9C-54BB-45FD-973C-29570A4FAB68}.Release|Any CPU.ActiveCfg = Release|Any CPU
		{F04E3C9C-54BB-45FD-973C-29570A4FAB68}.Release|Any CPU.Build.0 = Release|Any CPU
		{02D2E3EA-4238-46D6-A6A4-F8FED6A25784}.Debug|Any CPU.ActiveCfg = Debug|Any CPU
		{02D2E3EA-4238-46D6-A6A4-F8FED6A25784}.Debug|Any CPU.Build.0 = Debug|Any CPU
		{02D2E3EA-4238-46D6-A6A4-F8FED6A25784}.Release|Any CPU.ActiveCfg = Release|Any CPU
		{02D2E3EA-4238-46D6-A6A4-F8FED6A25784}.Release|Any CPU.Build.0 = Release|Any CPU
		{8C70C9E9-86A1-483E-A6A5-07C6D407643A}.Debug|Any CPU.ActiveCfg = Debug|Any CPU
		{8C70C9E9-86A1-483E-A6A5-07C6D407643A}.Debug|Any CPU.Build.0 = Debug|Any CPU
		{8C70C9E9-86A1-483E-A6A5-07C6D407643A}.Release|Any CPU.ActiveCfg = Release|Any CPU
		{8C70C9E9-86A1-483E-A6A5-07C6D407643A}.Release|Any CPU.Build.0 = Release|Any CPU
		{1B839C5C-A249-4069-9C84-9B77CE6027A6}.Debug|Any CPU.ActiveCfg = Debug|Any CPU
		{1B839C5C-A249-4069-9C84-9B77CE6027A6}.Debug|Any CPU.Build.0 = Debug|Any CPU
		{1B839C5C-A249-4069-9C84-9B77CE6027A6}.Release|Any CPU.ActiveCfg = Release|Any CPU
		{1B839C5C-A249-4069-9C84-9B77CE6027A6}.Release|Any CPU.Build.0 = Release|Any CPU
		{7A32995A-5096-4BAC-828D-0B40ECE79A34}.Debug|Any CPU.ActiveCfg = Debug|Any CPU
		{7A32995A-5096-4BAC-828D-0B40ECE79A34}.Debug|Any CPU.Build.0 = Debug|Any CPU
		{7A32995A-5096-4BAC-828D-0B40ECE79A34}.Release|Any CPU.ActiveCfg = Release|Any CPU
		{7A32995A-5096-4BAC-828D-0B40ECE79A34}.Release|Any CPU.Build.0 = Release|Any CPU
		{62C4C72C-CD41-4AF0-94A1-0D4EBF8A26EF}.Debug|Any CPU.ActiveCfg = Debug|Any CPU
		{62C4C72C-CD41-4AF0-94A1-0D4EBF8A26EF}.Debug|Any CPU.Build.0 = Debug|Any CPU
		{62C4C72C-CD41-4AF0-94A1-0D4EBF8A26EF}.Release|Any CPU.ActiveCfg = Release|Any CPU
		{62C4C72C-CD41-4AF0-94A1-0D4EBF8A26EF}.Release|Any CPU.Build.0 = Release|Any CPU
	EndGlobalSection
	GlobalSection(SolutionProperties) = preSolution
		HideSolutionNode = FALSE
	EndGlobalSection
	GlobalSection(NestedProjects) = preSolution
		{B3EFB36E-D349-42BB-95D9-7D3BCD099E00} = {824B4C97-A832-4FC0-8096-40CB93F3A2E3}
		{255F608C-7794-4FF2-BFB7-FA23398ADABA} = {824B4C97-A832-4FC0-8096-40CB93F3A2E3}
		{BABC3401-67CB-4045-8031-3134F07C89E3} = {824B4C97-A832-4FC0-8096-40CB93F3A2E3}
		{975BA91B-EC2F-432A-BF99-E16CAB8D1341} = {824B4C97-A832-4FC0-8096-40CB93F3A2E3}
		{398723B5-1272-433B-8F01-8B65EF91A39A} = {824B4C97-A832-4FC0-8096-40CB93F3A2E3}
		{607E2225-36A8-4420-9729-67DB143DA71A} = {824B4C97-A832-4FC0-8096-40CB93F3A2E3}
		{9C3CBB29-736F-45F2-8EA3-F9FB2B556E60} = {824B4C97-A832-4FC0-8096-40CB93F3A2E3}
		{5CE7BB36-C949-4114-A742-76ED570A5996} = {824B4C97-A832-4FC0-8096-40CB93F3A2E3}
		{84DD72F1-C0BE-4C71-99A3-405D3990A8E1} = {824B4C97-A832-4FC0-8096-40CB93F3A2E3}
		{0C0F4982-F1AE-4EA8-9F2D-B36140193E2C} = {824B4C97-A832-4FC0-8096-40CB93F3A2E3}
		{C9E2192D-92A7-4FA5-8A53-6D8F02CC87D7} = {824B4C97-A832-4FC0-8096-40CB93F3A2E3}
		{4BC02C2C-E13B-4F04-8E56-61D262181FD0} = {824B4C97-A832-4FC0-8096-40CB93F3A2E3}
		{AD869380-4727-4532-80FA-E4BE3EA8D913} = {824B4C97-A832-4FC0-8096-40CB93F3A2E3}
		{95061B6E-6ECE-4DC5-825B-6DF346DB71B6} = {824B4C97-A832-4FC0-8096-40CB93F3A2E3}
		{F617E822-EE38-4249-A780-FD9190F2C3A0} = {824B4C97-A832-4FC0-8096-40CB93F3A2E3}
		{2633EC78-1763-472E-AEEB-BBC05AAAEEE9} = {824B4C97-A832-4FC0-8096-40CB93F3A2E3}
		{D7A53E90-0C18-47E6-BE9F-BDE1394743CC} = {824B4C97-A832-4FC0-8096-40CB93F3A2E3}
		{F363E79E-601C-44BD-B3A0-70641E60FC8A} = {824B4C97-A832-4FC0-8096-40CB93F3A2E3}
		{0CEE8664-CB8D-4DAF-B332-17E43E56717F} = {824B4C97-A832-4FC0-8096-40CB93F3A2E3}
		{3EA83F64-CECC-4D0B-B164-F22F59E45AA8} = {824B4C97-A832-4FC0-8096-40CB93F3A2E3}
		{BF22164E-B6E4-49EB-9DF6-64D544FD81AC} = {824B4C97-A832-4FC0-8096-40CB93F3A2E3}
		{D516964B-36E3-418E-8B18-6A293756E180} = {824B4C97-A832-4FC0-8096-40CB93F3A2E3}
		{5B995283-D7AB-4C15-97F5-1A155BED123A} = {824B4C97-A832-4FC0-8096-40CB93F3A2E3}
		{977C7654-60D5-4949-81D3-7680FAEEB37E} = {824B4C97-A832-4FC0-8096-40CB93F3A2E3}
		{CBCEFEC0-32C6-439A-985C-4BF65C541CC6} = {A4A52E99-DAE0-4B27-B532-C424DC0083AD}
		{E8577D10-9A5F-41E2-8C2E-A8B537187E25} = {A4A52E99-DAE0-4B27-B532-C424DC0083AD}
		{E77E0B56-F9C0-4480-8B1E-EB477DC470D6} = {A4A52E99-DAE0-4B27-B532-C424DC0083AD}
		{D29BEA43-07D3-4F30-BFF5-34C5D0CE68E2} = {A4A52E99-DAE0-4B27-B532-C424DC0083AD}
		{1C77F125-9066-424B-97AA-E8BF36BC6877} = {A4A52E99-DAE0-4B27-B532-C424DC0083AD}
		{D7A16D63-AA7B-4C33-9431-7D0363BE0403} = {A4A52E99-DAE0-4B27-B532-C424DC0083AD}
		{84973B92-0819-447A-BF87-30BC64E25878} = {824B4C97-A832-4FC0-8096-40CB93F3A2E3}
		{7FA7972E-4B80-4333-93EF-09C14F55AABD} = {A4A52E99-DAE0-4B27-B532-C424DC0083AD}
		{C9B3F259-1684-4996-B873-BBB3EF2F5C7A} = {824B4C97-A832-4FC0-8096-40CB93F3A2E3}
		{53991737-CBE2-40B9-8589-05AD065001BA} = {F262DDB5-361C-4310-80AF-B00E58CE5EA4}
		{EAA049EE-61A3-46AE-B992-95760B212549} = {F262DDB5-361C-4310-80AF-B00E58CE5EA4}
		{69B56D67-1370-4AF5-8B85-964523D15457} = {F262DDB5-361C-4310-80AF-B00E58CE5EA4}
		{F3572F23-6A80-4AAA-AD33-A837AA201A09} = {F262DDB5-361C-4310-80AF-B00E58CE5EA4}
		{05190D51-2BC3-4836-BAF9-FEFCF3F1A606} = {A4A52E99-DAE0-4B27-B532-C424DC0083AD}
		{671CB5AD-8B2D-449F-84B1-660FCA5A66F1} = {A4A52E99-DAE0-4B27-B532-C424DC0083AD}
		{7CBFC44D-EF63-49B5-A038-C481342D689B} = {A4A52E99-DAE0-4B27-B532-C424DC0083AD}
		{97E90E83-EA27-4F5C-B506-732F053FFECB} = {A4A52E99-DAE0-4B27-B532-C424DC0083AD}
		{E00C440A-9B83-4FF3-B28A-C5C0D905DD64} = {6A05A3D1-6FDF-491F-8899-BCC1B7612755}
		{BF94FBD1-5C58-431A-8D68-A9D7B10BAFA5} = {6A05A3D1-6FDF-491F-8899-BCC1B7612755}
		{8FE082BF-8EDF-4DF3-89C0-E8531E8EEB35} = {6A05A3D1-6FDF-491F-8899-BCC1B7612755}
		{1D108600-746D-4266-BD7A-50EB24704AAD} = {6A05A3D1-6FDF-491F-8899-BCC1B7612755}
		{2AEF1532-7150-47B1-9BFE-AF97EEAB62B1} = {A4A52E99-DAE0-4B27-B532-C424DC0083AD}
		{28C474B1-52F5-4D18-BFAF-03BCB0243989} = {A4A52E99-DAE0-4B27-B532-C424DC0083AD}
		{0BA4F2A0-14C6-4100-A46A-598E14DC9619} = {824B4C97-A832-4FC0-8096-40CB93F3A2E3}
		{3F0F112C-8B60-4B5C-9F4B-92F29BD5D13C} = {824B4C97-A832-4FC0-8096-40CB93F3A2E3}
		{B037C1D0-1239-4A09-9777-B2199829FD68} = {824B4C97-A832-4FC0-8096-40CB93F3A2E3}
		{57CC8119-A76F-4AB5-8417-BFADAF62C481} = {4761137E-9424-4395-BC4C-075C90A01B44}
		{0B26D847-D7EC-4F05-AB61-0546622015C8} = {4761137E-9424-4395-BC4C-075C90A01B44}
		{D3578874-ABF1-4531-B6F6-BE9ED2F0BBB3} = {4761137E-9424-4395-BC4C-075C90A01B44}
		{8EC67D66-F216-4987-8451-5ADDE5FFD7B6} = {4761137E-9424-4395-BC4C-075C90A01B44}
		{E38BDB64-5615-4957-8AC9-AD6BD52DA152} = {4761137E-9424-4395-BC4C-075C90A01B44}
		{3634D615-59F3-4DEC-8E85-289E4256BD34} = {4761137E-9424-4395-BC4C-075C90A01B44}
		{035B83AD-4A24-4270-B524-B67E70F0A6CC} = {0EF8B328-1E5E-42BA-BFEC-2FC56069B12A}
		{2C817BAA-8020-4EF5-9EFA-8EF2B19FCD0E} = {0EF8B328-1E5E-42BA-BFEC-2FC56069B12A}
		{8155FCEE-EF3F-4C25-AAF5-4B71DDAF1D14} = {0EF8B328-1E5E-42BA-BFEC-2FC56069B12A}
		{AF53FC45-DA3F-4F7D-9AD8-1497DC88B8CF} = {A4A52E99-DAE0-4B27-B532-C424DC0083AD}
		{A0B6DEBE-7BE5-43DC-B1B1-84CBBF51C623} = {A4A52E99-DAE0-4B27-B532-C424DC0083AD}
		{3A48ADF0-FBD9-4351-AE24-C155F9FFAABD} = {A4A52E99-DAE0-4B27-B532-C424DC0083AD}
		{A53CD897-B900-4C11-AF39-366F8F7D2B2B} = {A4A52E99-DAE0-4B27-B532-C424DC0083AD}
		{9A174926-4D61-4E73-A096-C2D74F7B0D4D} = {A4A52E99-DAE0-4B27-B532-C424DC0083AD}
		{4B15C33A-4AC2-4387-9D01-175986F26468} = {A4A52E99-DAE0-4B27-B532-C424DC0083AD}
		{8C4CD9BB-7B9F-4CCD-A9C5-DB18F84EE73E} = {A4A52E99-DAE0-4B27-B532-C424DC0083AD}
		{615388D2-544B-481C-BFF5-B6DDA93D707C} = {A4A52E99-DAE0-4B27-B532-C424DC0083AD}
		{DCAEBD69-677D-4734-9A9C-1CF2F4627F37} = {A4A52E99-DAE0-4B27-B532-C424DC0083AD}
		{B904194E-4599-4F39-B8B8-37A5BC3F9B86} = {A4A52E99-DAE0-4B27-B532-C424DC0083AD}
		{2213E08A-80DD-482E-B08B-9C45CC9F83A6} = {A4A52E99-DAE0-4B27-B532-C424DC0083AD}
		{5EB72B10-A1AB-48C8-9428-F1A135422EFD} = {A4A52E99-DAE0-4B27-B532-C424DC0083AD}
		{E1EE21CB-9931-4C19-BCED-690729E94015} = {A4A52E99-DAE0-4B27-B532-C424DC0083AD}
		{C9BF38DF-00F6-4698-88A2-4344210D940A} = {A4A52E99-DAE0-4B27-B532-C424DC0083AD}
		{119738E5-82AC-4278-9CA2-43A8FDD69584} = {A4A52E99-DAE0-4B27-B532-C424DC0083AD}
		{04800CB2-C711-4BBB-B3EE-EEC367886112} = {A4A52E99-DAE0-4B27-B532-C424DC0083AD}
		{5FFCF8A1-0A28-4800-898D-5EC1CF8DF20D} = {A4A52E99-DAE0-4B27-B532-C424DC0083AD}
		{DF03D81F-1B79-410B-895A-617578B8096E} = {A4A52E99-DAE0-4B27-B532-C424DC0083AD}
		{A44D8E6B-2804-4AB9-8E69-63EE8B57719D} = {A4A52E99-DAE0-4B27-B532-C424DC0083AD}
		{58C8AB10-6FB5-4B54-A1F0-3F6100D49B35} = {A4A52E99-DAE0-4B27-B532-C424DC0083AD}
		{EA3AC74D-777F-4DFF-AA61-24E8C4D7D3B8} = {A4A52E99-DAE0-4B27-B532-C424DC0083AD}
		{DBFDE08E-79B3-448E-A522-67E83AD61318} = {A4A52E99-DAE0-4B27-B532-C424DC0083AD}
		{A7814302-E77A-4982-8D99-F68C356D0155} = {A4A52E99-DAE0-4B27-B532-C424DC0083AD}
		{8A134939-816F-4A1D-B98F-FAFD85AD9053} = {A4A52E99-DAE0-4B27-B532-C424DC0083AD}
		{1A62A18E-D05F-43B4-BD66-0BFB14082748} = {A4A52E99-DAE0-4B27-B532-C424DC0083AD}
		{E1FC89B3-9A74-443B-BB34-50E3F93E1305} = {A4A52E99-DAE0-4B27-B532-C424DC0083AD}
		{155FEC1C-F1FB-42F2-ABD8-9F840136F7D3} = {D7F443DB-1443-4F49-B34A-FF95B1B23BB2}
		{EFC245EA-A13F-431D-8699-DEA8413CC6F6} = {D7F443DB-1443-4F49-B34A-FF95B1B23BB2}
		{40705DCB-E162-425B-97D5-C574F25E50F8} = {D7F443DB-1443-4F49-B34A-FF95B1B23BB2}
		{81140EE9-360B-4DA1-B2FE-B5D8A38A511A} = {D7F443DB-1443-4F49-B34A-FF95B1B23BB2}
		{D82EBB68-3083-4F86-B604-410CD98E6D45} = {D7F443DB-1443-4F49-B34A-FF95B1B23BB2}
		{C62E5980-183B-4A9E-8871-9542B892A193} = {D7F443DB-1443-4F49-B34A-FF95B1B23BB2}
		{F04E3C9C-54BB-45FD-973C-29570A4FAB68} = {D7F443DB-1443-4F49-B34A-FF95B1B23BB2}
		{02D2E3EA-4238-46D6-A6A4-F8FED6A25784} = {D7F443DB-1443-4F49-B34A-FF95B1B23BB2}
		{8C70C9E9-86A1-483E-A6A5-07C6D407643A} = {D7F443DB-1443-4F49-B34A-FF95B1B23BB2}
		{1B839C5C-A249-4069-9C84-9B77CE6027A6} = {D7F443DB-1443-4F49-B34A-FF95B1B23BB2}
		{7A32995A-5096-4BAC-828D-0B40ECE79A34} = {D7F443DB-1443-4F49-B34A-FF95B1B23BB2}
		{62C4C72C-CD41-4AF0-94A1-0D4EBF8A26EF} = {D7F443DB-1443-4F49-B34A-FF95B1B23BB2}
	EndGlobalSection
	GlobalSection(ExtensibilityGlobals) = postSolution
		SolutionGuid = {950BF70A-EDE2-4B36-95EE-F418B4753A00}
	EndGlobalSection
EndGlobal
