
Microsoft Visual Studio Solution File, Format Version 12.00
# Visual Studio Version 17
VisualStudioVersion = 17.9.34728.123
MinimumVisualStudioVersion = 10.0.40219.1
Project("{2150E333-8FDC-42A3-9474-1A3956D46DE8}") = "Sorting", "Sorting", "{824B4C97-A832-4FC0-8096-40CB93F3A2E3}"
EndProject
Project("{2150E333-8FDC-42A3-9474-1A3956D46DE8}") = "Searching", "Searching", "{A4A52E99-DAE0-4B27-B532-C424DC0083AD}"
EndProject
Project("{2150E333-8FDC-42A3-9474-1A3956D46DE8}") = "LinkedList", "LinkedList", "{F262DDB5-361C-4310-80AF-B00E58CE5EA4}"
EndProject
Project("{2150E333-8FDC-42A3-9474-1A3956D46DE8}") = "Trees", "Trees", "{4761137E-9424-4395-BC4C-075C90A01B44}"
EndProject
Project("{2150E333-8FDC-42A3-9474-1A3956D46DE8}") = "Graphs", "Graphs", "{18D55FCE-7D2E-4304-BF43-CF5F3CE0B895}"
EndProject
Project("{2150E333-8FDC-42A3-9474-1A3956D46DE8}") = "Stacks", "Stacks", "{6A05A3D1-6FDF-491F-8899-BCC1B7612755}"
	ProjectSection(SolutionItems) = preProject
		ReadMe.md = ReadMe.md
	EndProjectSection
EndProject
Project("{2150E333-8FDC-42A3-9474-1A3956D46DE8}") = "Queues", "Queues", "{0EF8B328-1E5E-42BA-BFEC-2FC56069B12A}"
EndProject
Project("{2150E333-8FDC-42A3-9474-1A3956D46DE8}") = "Heaps", "Heaps", "{D7F443DB-1443-4F49-B34A-FF95B1B23BB2}"
EndProject
Project("{2150E333-8FDC-42A3-9474-1A3956D46DE8}") = "Hashing", "Hashing", "{0BC21B14-9A13-4BED-91AA-046BB4FEB28F}"
EndProject
Project("{2150E333-8FDC-42A3-9474-1A3956D46DE8}") = "Arrays", "Arrays", "{4414D8DB-BE23-4085-A6A9-42AC5717BCE3}"
EndProject
Project("{9A19103F-16F7-4668-BE54-9A1E7A4F7556}") = "BubbleSort", "Sorting\BubbleSort\BubbleSort.csproj", "{B3EFB36E-D349-42BB-95D9-7D3BCD099E00}"
EndProject
Project("{9A19103F-16F7-4668-BE54-9A1E7A4F7556}") = "BubbleSortBySwap", "Sorting\BubbleSortBySwap\BubbleSortBySwap.csproj", "{255F608C-7794-4FF2-BFB7-FA23398ADABA}"
EndProject
Project("{9A19103F-16F7-4668-BE54-9A1E7A4F7556}") = "MergeSort", "Sorting\MergeSort\MergeSort.csproj", "{BABC3401-67CB-4045-8031-3134F07C89E3}"
EndProject
Project("{9A19103F-16F7-4668-BE54-9A1E7A4F7556}") = "QuickSort", "Sorting\QuickSort\QuickSort.csproj", "{975BA91B-EC2F-432A-BF99-E16CAB8D1341}"
EndProject
Project("{9A19103F-16F7-4668-BE54-9A1E7A4F7556}") = "InsertionSort", "Sorting\InsertionSort\InsertionSort.csproj", "{398723B5-1272-433B-8F01-8B65EF91A39A}"
EndProject
Project("{9A19103F-16F7-4668-BE54-9A1E7A4F7556}") = "SelectionSort", "Sorting\SelectionSort\SelectionSort.csproj", "{607E2225-36A8-4420-9729-67DB143DA71A}"
EndProject
Project("{9A19103F-16F7-4668-BE54-9A1E7A4F7556}") = "HeapSort", "Sorting\HeapSort\HeapSort.csproj", "{9C3CBB29-736F-45F2-8EA3-F9FB2B556E60}"
EndProject
Project("{9A19103F-16F7-4668-BE54-9A1E7A4F7556}") = "RadixSort", "Sorting\RadixSort\RadixSort.csproj", "{5CE7BB36-C949-4114-A742-76ED570A5996}"
EndProject
Project("{9A19103F-16F7-4668-BE54-9A1E7A4F7556}") = "CountingSort", "Sorting\CountingSort\CountingSort.csproj", "{84DD72F1-C0BE-4C71-99A3-405D3990A8E1}"
EndProject
Project("{9A19103F-16F7-4668-BE54-9A1E7A4F7556}") = "ShellSort", "Sorting\ShellSort\ShellSort.csproj", "{0C0F4982-F1AE-4EA8-9F2D-B36140193E2C}"
EndProject
Project("{9A19103F-16F7-4668-BE54-9A1E7A4F7556}") = "BucketSort", "Sorting\BucketSort\BucketSort.csproj", "{C9E2192D-92A7-4FA5-8A53-6D8F02CC87D7}"
EndProject
Project("{9A19103F-16F7-4668-BE54-9A1E7A4F7556}") = "TimSort", "Sorting\TimSort\TimSort.csproj", "{4BC02C2C-E13B-4F04-8E56-61D262181FD0}"
EndProject
Project("{9A19103F-16F7-4668-BE54-9A1E7A4F7556}") = "CocktailShakerSort", "Sorting\CocktailShakerSort\CocktailShakerSort.csproj", "{AD869380-4727-4532-80FA-E4BE3EA8D913}"
EndProject
Project("{9A19103F-16F7-4668-BE54-9A1E7A4F7556}") = "GnomeSort", "Sorting\GnomeSort\GnomeSort.csproj", "{95061B6E-6ECE-4DC5-825B-6DF346DB71B6}"
EndProject
Project("{9A19103F-16F7-4668-BE54-9A1E7A4F7556}") = "PancakeSort", "Sorting\PancakeSort\PancakeSort.csproj", "{F617E822-EE38-4249-A780-FD9190F2C3A0}"
EndProject
Project("{9A19103F-16F7-4668-BE54-9A1E7A4F7556}") = "BitonicSort", "Sorting\BitonicSort\BitonicSort.csproj", "{2633EC78-1763-472E-AEEB-BBC05AAAEEE9}"
EndProject
Project("{9A19103F-16F7-4668-BE54-9A1E7A4F7556}") = "TreeSort", "Sorting\TreeSort\TreeSort.csproj", "{D7A53E90-0C18-47E6-BE9F-BDE1394743CC}"
EndProject
Project("{9A19103F-16F7-4668-BE54-9A1E7A4F7556}") = "PigeonholeSort", "Sorting\PigeonholeSort\PigeonholeSort.csproj", "{F363E79E-601C-44BD-B3A0-70641E60FC8A}"
EndProject
Project("{9A19103F-16F7-4668-BE54-9A1E7A4F7556}") = "CycleSort", "Sorting\CycleSort\CycleSort.csproj", "{0CEE8664-CB8D-4DAF-B332-17E43E56717F}"
EndProject
Project("{9A19103F-16F7-4668-BE54-9A1E7A4F7556}") = "OddEvenSort", "Sorting\OddEvenSort\OddEvenSort.csproj", "{3EA83F64-CECC-4D0B-B164-F22F59E45AA8}"
EndProject
Project("{9A19103F-16F7-4668-BE54-9A1E7A4F7556}") = "BogoSort", "Sorting\BogoSort\BogoSort.csproj", "{BF22164E-B6E4-49EB-9DF6-64D544FD81AC}"
EndProject
Project("{9A19103F-16F7-4668-BE54-9A1E7A4F7556}") = "StoogeSort", "Sorting\StoogeSort\StoogeSort.csproj", "{D516964B-36E3-418E-8B18-6A293756E180}"
EndProject
Project("{9A19103F-16F7-4668-BE54-9A1E7A4F7556}") = "FlashSort", "Sorting\FlashSort\FlashSort.csproj", "{5B995283-D7AB-4C15-97F5-1A155BED123A}"
EndProject
Project("{9A19103F-16F7-4668-BE54-9A1E7A4F7556}") = "CombSort", "Sorting\CombSort\CombSort.csproj", "{977C7654-60D5-4949-81D3-7680FAEEB37E}"
EndProject
Project("{9A19103F-16F7-4668-BE54-9A1E7A4F7556}") = "LinearSearch", "Searching\LinearSearch\LinearSearch.csproj", "{CBCEFEC0-32C6-439A-985C-4BF65C541CC6}"
EndProject
Project("{9A19103F-16F7-4668-BE54-9A1E7A4F7556}") = "LinearSearchArray", "Searching\LinearSearchArray\LinearSearchArray.csproj", "{E8577D10-9A5F-41E2-8C2E-A8B537187E25}"
EndProject
Project("{9A19103F-16F7-4668-BE54-9A1E7A4F7556}") = "LinearSearchList", "Searching\LinearSearchList\LinearSearchList.csproj", "{E77E0B56-F9C0-4480-8B1E-EB477DC470D6}"
EndProject
Project("{9A19103F-16F7-4668-BE54-9A1E7A4F7556}") = "LinearSearchRecursive", "Searching\LinearSearchRecursive\LinearSearchRecursive.csproj", "{D29BEA43-07D3-4F30-BFF5-34C5D0CE68E2}"
EndProject
Project("{9A19103F-16F7-4668-BE54-9A1E7A4F7556}") = "LinearSearchGeneric", "Searching\LinearSearchGeneric\LinearSearchGeneric.csproj", "{1C77F125-9066-424B-97AA-E8BF36BC6877}"
EndProject
Project("{9A19103F-16F7-4668-BE54-9A1E7A4F7556}") = "BinarySearchIterative", "Searching\BinarySearchIterative\BinarySearchIterative.csproj", "{D7A16D63-AA7B-4C33-9431-7D0363BE0403}"
EndProject
Project("{9A19103F-16F7-4668-BE54-9A1E7A4F7556}") = "PatienceSort", "Sorting\PatienceSort\PatienceSort.csproj", "{84973B92-0819-447A-BF87-30BC64E25878}"
EndProject
Project("{9A19103F-16F7-4668-BE54-9A1E7A4F7556}") = "BinarySearchRecursive", "Searching\BinarySearchRecursive\BinarySearchRecursive.csproj", "{7FA7972E-4B80-4333-93EF-09C14F55AABD}"
EndProject
Project("{9A19103F-16F7-4668-BE54-9A1E7A4F7556}") = "SleepSort", "Sorting\SleepSort\SleepSort.csproj", "{C9B3F259-1684-4996-B873-BBB3EF2F5C7A}"
EndProject
Project("{9A19103F-16F7-4668-BE54-9A1E7A4F7556}") = "LinkedListDefault", "LinkedList\LinkedListDefault\LinkedListDefault.csproj", "{53991737-CBE2-40B9-8589-05AD065001BA}"
EndProject
Project("{9A19103F-16F7-4668-BE54-9A1E7A4F7556}") = "SinglyLinkedList", "LinkedList\SinglyLinkedList\SinglyLinkedList.csproj", "{EAA049EE-61A3-46AE-B992-95760B212549}"
EndProject
Project("{9A19103F-16F7-4668-BE54-9A1E7A4F7556}") = "DoublyLinkedList", "LinkedList\DoublyLinkedList\DoublyLinkedList.csproj", "{69B56D67-1370-4AF5-8B85-964523D15457}"
EndProject
Project("{9A19103F-16F7-4668-BE54-9A1E7A4F7556}") = "CircularLinkedList", "LinkedList\CircularLinkedList\CircularLinkedList.csproj", "{F3572F23-6A80-4AAA-AD33-A837AA201A09}"
EndProject
Project("{9A19103F-16F7-4668-BE54-9A1E7A4F7556}") = "BinarySearchArrayBuiltIn", "Searching\BinarySearchArrayBuiltIn\BinarySearchArrayBuiltIn.csproj", "{05190D51-2BC3-4836-BAF9-FEFCF3F1A606}"
EndProject
Project("{9A19103F-16F7-4668-BE54-9A1E7A4F7556}") = "BinarySearchListBuiltIn", "Searching\BinarySearchListBuiltIn\BinarySearchListBuiltIn.csproj", "{671CB5AD-8B2D-449F-84B1-660FCA5A66F1}"
EndProject
Project("{9A19103F-16F7-4668-BE54-9A1E7A4F7556}") = "BinarySearchFirstOccurrence", "Searching\BinarySearchFirstOccurrence\BinarySearchFirstOccurrence.csproj", "{7CBFC44D-EF63-49B5-A038-C481342D689B}"
EndProject
Project("{9A19103F-16F7-4668-BE54-9A1E7A4F7556}") = "BinarySearchLastOccurrence", "Searching\BinarySearchLastOccurrence\BinarySearchLastOccurrence.csproj", "{97E90E83-EA27-4F5C-B506-732F053FFECB}"
EndProject
Project("{9A19103F-16F7-4668-BE54-9A1E7A4F7556}") = "StackDefault", "Stacks\StackDefault\StackDefault.csproj", "{E00C440A-9B83-4FF3-B28A-C5C0D905DD64}"
EndProject
Project("{9A19103F-16F7-4668-BE54-9A1E7A4F7556}") = "StackCustom", "Stacks\StackCustom\StackCustom.csproj", "{BF94FBD1-5C58-431A-8D68-A9D7B10BAFA5}"
EndProject
Project("{9A19103F-16F7-4668-BE54-9A1E7A4F7556}") = "ConcurrentStack", "Stacks\ConcurrentStack\ConcurrentStack.csproj", "{8FE082BF-8EDF-4DF3-89C0-E8531E8EEB35}"
EndProject
Project("{9A19103F-16F7-4668-BE54-9A1E7A4F7556}") = "StackLinkedList", "Stacks\StackLinkedList\StackLinkedList.csproj", "{1D108600-746D-4266-BD7A-50EB24704AAD}"
EndProject
Project("{9A19103F-16F7-4668-BE54-9A1E7A4F7556}") = "HashTableSearch", "Searching\HashTableSearch\HashTableSearch.csproj", "{2AEF1532-7150-47B1-9BFE-AF97EEAB62B1}"
EndProject
Project("{9A19103F-16F7-4668-BE54-9A1E7A4F7556}") = "DictionarySearch", "Searching\DictionarySearch\DictionarySearch.csproj", "{28C474B1-52F5-4D18-BFAF-03BCB0243989}"
EndProject
Project("{9A19103F-16F7-4668-BE54-9A1E7A4F7556}") = "WaveSort", "Sorting\WaveSort\WaveSort.csproj", "{0BA4F2A0-14C6-4100-A46A-598E14DC9619}"
EndProject
Project("{9A19103F-16F7-4668-BE54-9A1E7A4F7556}") = "SmoothSort", "Sorting\SmoothSort\SmoothSort.csproj", "{3F0F112C-8B60-4B5C-9F4B-92F29BD5D13C}"
EndProject
Project("{9A19103F-16F7-4668-BE54-9A1E7A4F7556}") = "StrandSort", "Sorting\StrandSort\StrandSort.csproj", "{B037C1D0-1239-4A09-9777-B2199829FD68}"
EndProject
Project("{9A19103F-16F7-4668-BE54-9A1E7A4F7556}") = "TreesDefault", "Trees\TreesDefault\TreesDefault.csproj", "{57CC8119-A76F-4AB5-8417-BFADAF62C481}"
EndProject
Project("{9A19103F-16F7-4668-BE54-9A1E7A4F7556}") = "BinaryTree", "Trees\BinaryTree\BinaryTree.csproj", "{0B26D847-D7EC-4F05-AB61-0546622015C8}"
EndProject
Project("{9A19103F-16F7-4668-BE54-9A1E7A4F7556}") = "Trie", "Trees\Trie\Trie.csproj", "{D3578874-ABF1-4531-B6F6-BE9ED2F0BBB3}"
EndProject
Project("{9A19103F-16F7-4668-BE54-9A1E7A4F7556}") = "TreeFileSystem", "Trees\TreeFileSystem\TreeFileSystem.csproj", "{8EC67D66-F216-4987-8451-5ADDE5FFD7B6}"
EndProject
Project("{FAE04EC0-301F-11D3-BF4B-00C04F79EFBC}") = "Tree-DFS", "Trees\Tree-DFS\Tree-DFS.csproj", "{E38BDB64-5615-4957-8AC9-AD6BD52DA152}"
EndProject
Global
	GlobalSection(SolutionConfigurationPlatforms) = preSolution
		Debug|Any CPU = Debug|Any CPU
		Release|Any CPU = Release|Any CPU
	EndGlobalSection
	GlobalSection(ProjectConfigurationPlatforms) = postSolution
		{B3EFB36E-D349-42BB-95D9-7D3BCD099E00}.Debug|Any CPU.ActiveCfg = Debug|Any CPU
		{B3EFB36E-D349-42BB-95D9-7D3BCD099E00}.Debug|Any CPU.Build.0 = Debug|Any CPU
		{B3EFB36E-D349-42BB-95D9-7D3BCD099E00}.Release|Any CPU.ActiveCfg = Release|Any CPU
		{B3EFB36E-D349-42BB-95D9-7D3BCD099E00}.Release|Any CPU.Build.0 = Release|Any CPU
		{255F608C-7794-4FF2-BFB7-FA23398ADABA}.Debug|Any CPU.ActiveCfg = Debug|Any CPU
		{255F608C-7794-4FF2-BFB7-FA23398ADABA}.Debug|Any CPU.Build.0 = Debug|Any CPU
		{255F608C-7794-4FF2-BFB7-FA23398ADABA}.Release|Any CPU.ActiveCfg = Release|Any CPU
		{255F608C-7794-4FF2-BFB7-FA23398ADABA}.Release|Any CPU.Build.0 = Release|Any CPU
		{BABC3401-67CB-4045-8031-3134F07C89E3}.Debug|Any CPU.ActiveCfg = Debug|Any CPU
		{BABC3401-67CB-4045-8031-3134F07C89E3}.Debug|Any CPU.Build.0 = Debug|Any CPU
		{BABC3401-67CB-4045-8031-3134F07C89E3}.Release|Any CPU.ActiveCfg = Release|Any CPU
		{BABC3401-67CB-4045-8031-3134F07C89E3}.Release|Any CPU.Build.0 = Release|Any CPU
		{975BA91B-EC2F-432A-BF99-E16CAB8D1341}.Debug|Any CPU.ActiveCfg = Debug|Any CPU
		{975BA91B-EC2F-432A-BF99-E16CAB8D1341}.Debug|Any CPU.Build.0 = Debug|Any CPU
		{975BA91B-EC2F-432A-BF99-E16CAB8D1341}.Release|Any CPU.ActiveCfg = Release|Any CPU
		{975BA91B-EC2F-432A-BF99-E16CAB8D1341}.Release|Any CPU.Build.0 = Release|Any CPU
		{398723B5-1272-433B-8F01-8B65EF91A39A}.Debug|Any CPU.ActiveCfg = Debug|Any CPU
		{398723B5-1272-433B-8F01-8B65EF91A39A}.Debug|Any CPU.Build.0 = Debug|Any CPU
		{398723B5-1272-433B-8F01-8B65EF91A39A}.Release|Any CPU.ActiveCfg = Release|Any CPU
		{398723B5-1272-433B-8F01-8B65EF91A39A}.Release|Any CPU.Build.0 = Release|Any CPU
		{607E2225-36A8-4420-9729-67DB143DA71A}.Debug|Any CPU.ActiveCfg = Debug|Any CPU
		{607E2225-36A8-4420-9729-67DB143DA71A}.Debug|Any CPU.Build.0 = Debug|Any CPU
		{607E2225-36A8-4420-9729-67DB143DA71A}.Release|Any CPU.ActiveCfg = Release|Any CPU
		{607E2225-36A8-4420-9729-67DB143DA71A}.Release|Any CPU.Build.0 = Release|Any CPU
		{9C3CBB29-736F-45F2-8EA3-F9FB2B556E60}.Debug|Any CPU.ActiveCfg = Debug|Any CPU
		{9C3CBB29-736F-45F2-8EA3-F9FB2B556E60}.Debug|Any CPU.Build.0 = Debug|Any CPU
		{9C3CBB29-736F-45F2-8EA3-F9FB2B556E60}.Release|Any CPU.ActiveCfg = Release|Any CPU
		{9C3CBB29-736F-45F2-8EA3-F9FB2B556E60}.Release|Any CPU.Build.0 = Release|Any CPU
		{5CE7BB36-C949-4114-A742-76ED570A5996}.Debug|Any CPU.ActiveCfg = Debug|Any CPU
		{5CE7BB36-C949-4114-A742-76ED570A5996}.Debug|Any CPU.Build.0 = Debug|Any CPU
		{5CE7BB36-C949-4114-A742-76ED570A5996}.Release|Any CPU.ActiveCfg = Release|Any CPU
		{5CE7BB36-C949-4114-A742-76ED570A5996}.Release|Any CPU.Build.0 = Release|Any CPU
		{84DD72F1-C0BE-4C71-99A3-405D3990A8E1}.Debug|Any CPU.ActiveCfg = Debug|Any CPU
		{84DD72F1-C0BE-4C71-99A3-405D3990A8E1}.Debug|Any CPU.Build.0 = Debug|Any CPU
		{84DD72F1-C0BE-4C71-99A3-405D3990A8E1}.Release|Any CPU.ActiveCfg = Release|Any CPU
		{84DD72F1-C0BE-4C71-99A3-405D3990A8E1}.Release|Any CPU.Build.0 = Release|Any CPU
		{0C0F4982-F1AE-4EA8-9F2D-B36140193E2C}.Debug|Any CPU.ActiveCfg = Debug|Any CPU
		{0C0F4982-F1AE-4EA8-9F2D-B36140193E2C}.Debug|Any CPU.Build.0 = Debug|Any CPU
		{0C0F4982-F1AE-4EA8-9F2D-B36140193E2C}.Release|Any CPU.ActiveCfg = Release|Any CPU
		{0C0F4982-F1AE-4EA8-9F2D-B36140193E2C}.Release|Any CPU.Build.0 = Release|Any CPU
		{C9E2192D-92A7-4FA5-8A53-6D8F02CC87D7}.Debug|Any CPU.ActiveCfg = Debug|Any CPU
		{C9E2192D-92A7-4FA5-8A53-6D8F02CC87D7}.Debug|Any CPU.Build.0 = Debug|Any CPU
		{C9E2192D-92A7-4FA5-8A53-6D8F02CC87D7}.Release|Any CPU.ActiveCfg = Release|Any CPU
		{C9E2192D-92A7-4FA5-8A53-6D8F02CC87D7}.Release|Any CPU.Build.0 = Release|Any CPU
		{4BC02C2C-E13B-4F04-8E56-61D262181FD0}.Debug|Any CPU.ActiveCfg = Debug|Any CPU
		{4BC02C2C-E13B-4F04-8E56-61D262181FD0}.Debug|Any CPU.Build.0 = Debug|Any CPU
		{4BC02C2C-E13B-4F04-8E56-61D262181FD0}.Release|Any CPU.ActiveCfg = Release|Any CPU
		{4BC02C2C-E13B-4F04-8E56-61D262181FD0}.Release|Any CPU.Build.0 = Release|Any CPU
		{AD869380-4727-4532-80FA-E4BE3EA8D913}.Debug|Any CPU.ActiveCfg = Debug|Any CPU
		{AD869380-4727-4532-80FA-E4BE3EA8D913}.Debug|Any CPU.Build.0 = Debug|Any CPU
		{AD869380-4727-4532-80FA-E4BE3EA8D913}.Release|Any CPU.ActiveCfg = Release|Any CPU
		{AD869380-4727-4532-80FA-E4BE3EA8D913}.Release|Any CPU.Build.0 = Release|Any CPU
		{95061B6E-6ECE-4DC5-825B-6DF346DB71B6}.Debug|Any CPU.ActiveCfg = Debug|Any CPU
		{95061B6E-6ECE-4DC5-825B-6DF346DB71B6}.Debug|Any CPU.Build.0 = Debug|Any CPU
		{95061B6E-6ECE-4DC5-825B-6DF346DB71B6}.Release|Any CPU.ActiveCfg = Release|Any CPU
		{95061B6E-6ECE-4DC5-825B-6DF346DB71B6}.Release|Any CPU.Build.0 = Release|Any CPU
		{F617E822-EE38-4249-A780-FD9190F2C3A0}.Debug|Any CPU.ActiveCfg = Debug|Any CPU
		{F617E822-EE38-4249-A780-FD9190F2C3A0}.Debug|Any CPU.Build.0 = Debug|Any CPU
		{F617E822-EE38-4249-A780-FD9190F2C3A0}.Release|Any CPU.ActiveCfg = Release|Any CPU
		{F617E822-EE38-4249-A780-FD9190F2C3A0}.Release|Any CPU.Build.0 = Release|Any CPU
		{2633EC78-1763-472E-AEEB-BBC05AAAEEE9}.Debug|Any CPU.ActiveCfg = Debug|Any CPU
		{2633EC78-1763-472E-AEEB-BBC05AAAEEE9}.Debug|Any CPU.Build.0 = Debug|Any CPU
		{2633EC78-1763-472E-AEEB-BBC05AAAEEE9}.Release|Any CPU.ActiveCfg = Release|Any CPU
		{2633EC78-1763-472E-AEEB-BBC05AAAEEE9}.Release|Any CPU.Build.0 = Release|Any CPU
		{D7A53E90-0C18-47E6-BE9F-BDE1394743CC}.Debug|Any CPU.ActiveCfg = Debug|Any CPU
		{D7A53E90-0C18-47E6-BE9F-BDE1394743CC}.Debug|Any CPU.Build.0 = Debug|Any CPU
		{D7A53E90-0C18-47E6-BE9F-BDE1394743CC}.Release|Any CPU.ActiveCfg = Release|Any CPU
		{D7A53E90-0C18-47E6-BE9F-BDE1394743CC}.Release|Any CPU.Build.0 = Release|Any CPU
		{F363E79E-601C-44BD-B3A0-70641E60FC8A}.Debug|Any CPU.ActiveCfg = Debug|Any CPU
		{F363E79E-601C-44BD-B3A0-70641E60FC8A}.Debug|Any CPU.Build.0 = Debug|Any CPU
		{F363E79E-601C-44BD-B3A0-70641E60FC8A}.Release|Any CPU.ActiveCfg = Release|Any CPU
		{F363E79E-601C-44BD-B3A0-70641E60FC8A}.Release|Any CPU.Build.0 = Release|Any CPU
		{0CEE8664-CB8D-4DAF-B332-17E43E56717F}.Debug|Any CPU.ActiveCfg = Debug|Any CPU
		{0CEE8664-CB8D-4DAF-B332-17E43E56717F}.Debug|Any CPU.Build.0 = Debug|Any CPU
		{0CEE8664-CB8D-4DAF-B332-17E43E56717F}.Release|Any CPU.ActiveCfg = Release|Any CPU
		{0CEE8664-CB8D-4DAF-B332-17E43E56717F}.Release|Any CPU.Build.0 = Release|Any CPU
		{3EA83F64-CECC-4D0B-B164-F22F59E45AA8}.Debug|Any CPU.ActiveCfg = Debug|Any CPU
		{3EA83F64-CECC-4D0B-B164-F22F59E45AA8}.Debug|Any CPU.Build.0 = Debug|Any CPU
		{3EA83F64-CECC-4D0B-B164-F22F59E45AA8}.Release|Any CPU.ActiveCfg = Release|Any CPU
		{3EA83F64-CECC-4D0B-B164-F22F59E45AA8}.Release|Any CPU.Build.0 = Release|Any CPU
		{BF22164E-B6E4-49EB-9DF6-64D544FD81AC}.Debug|Any CPU.ActiveCfg = Debug|Any CPU
		{BF22164E-B6E4-49EB-9DF6-64D544FD81AC}.Debug|Any CPU.Build.0 = Debug|Any CPU
		{BF22164E-B6E4-49EB-9DF6-64D544FD81AC}.Release|Any CPU.ActiveCfg = Release|Any CPU
		{BF22164E-B6E4-49EB-9DF6-64D544FD81AC}.Release|Any CPU.Build.0 = Release|Any CPU
		{D516964B-36E3-418E-8B18-6A293756E180}.Debug|Any CPU.ActiveCfg = Debug|Any CPU
		{D516964B-36E3-418E-8B18-6A293756E180}.Debug|Any CPU.Build.0 = Debug|Any CPU
		{D516964B-36E3-418E-8B18-6A293756E180}.Release|Any CPU.ActiveCfg = Release|Any CPU
		{D516964B-36E3-418E-8B18-6A293756E180}.Release|Any CPU.Build.0 = Release|Any CPU
		{5B995283-D7AB-4C15-97F5-1A155BED123A}.Debug|Any CPU.ActiveCfg = Debug|Any CPU
		{5B995283-D7AB-4C15-97F5-1A155BED123A}.Debug|Any CPU.Build.0 = Debug|Any CPU
		{5B995283-D7AB-4C15-97F5-1A155BED123A}.Release|Any CPU.ActiveCfg = Release|Any CPU
		{5B995283-D7AB-4C15-97F5-1A155BED123A}.Release|Any CPU.Build.0 = Release|Any CPU
		{977C7654-60D5-4949-81D3-7680FAEEB37E}.Debug|Any CPU.ActiveCfg = Debug|Any CPU
		{977C7654-60D5-4949-81D3-7680FAEEB37E}.Debug|Any CPU.Build.0 = Debug|Any CPU
		{977C7654-60D5-4949-81D3-7680FAEEB37E}.Release|Any CPU.ActiveCfg = Release|Any CPU
		{977C7654-60D5-4949-81D3-7680FAEEB37E}.Release|Any CPU.Build.0 = Release|Any CPU
		{CBCEFEC0-32C6-439A-985C-4BF65C541CC6}.Debug|Any CPU.ActiveCfg = Debug|Any CPU
		{CBCEFEC0-32C6-439A-985C-4BF65C541CC6}.Debug|Any CPU.Build.0 = Debug|Any CPU
		{CBCEFEC0-32C6-439A-985C-4BF65C541CC6}.Release|Any CPU.ActiveCfg = Release|Any CPU
		{CBCEFEC0-32C6-439A-985C-4BF65C541CC6}.Release|Any CPU.Build.0 = Release|Any CPU
		{E8577D10-9A5F-41E2-8C2E-A8B537187E25}.Debug|Any CPU.ActiveCfg = Debug|Any CPU
		{E8577D10-9A5F-41E2-8C2E-A8B537187E25}.Debug|Any CPU.Build.0 = Debug|Any CPU
		{E8577D10-9A5F-41E2-8C2E-A8B537187E25}.Release|Any CPU.ActiveCfg = Release|Any CPU
		{E8577D10-9A5F-41E2-8C2E-A8B537187E25}.Release|Any CPU.Build.0 = Release|Any CPU
		{E77E0B56-F9C0-4480-8B1E-EB477DC470D6}.Debug|Any CPU.ActiveCfg = Debug|Any CPU
		{E77E0B56-F9C0-4480-8B1E-EB477DC470D6}.Debug|Any CPU.Build.0 = Debug|Any CPU
		{E77E0B56-F9C0-4480-8B1E-EB477DC470D6}.Release|Any CPU.ActiveCfg = Release|Any CPU
		{E77E0B56-F9C0-4480-8B1E-EB477DC470D6}.Release|Any CPU.Build.0 = Release|Any CPU
		{D29BEA43-07D3-4F30-BFF5-34C5D0CE68E2}.Debug|Any CPU.ActiveCfg = Debug|Any CPU
		{D29BEA43-07D3-4F30-BFF5-34C5D0CE68E2}.Debug|Any CPU.Build.0 = Debug|Any CPU
		{D29BEA43-07D3-4F30-BFF5-34C5D0CE68E2}.Release|Any CPU.ActiveCfg = Release|Any CPU
		{D29BEA43-07D3-4F30-BFF5-34C5D0CE68E2}.Release|Any CPU.Build.0 = Release|Any CPU
		{1C77F125-9066-424B-97AA-E8BF36BC6877}.Debug|Any CPU.ActiveCfg = Debug|Any CPU
		{1C77F125-9066-424B-97AA-E8BF36BC6877}.Debug|Any CPU.Build.0 = Debug|Any CPU
		{1C77F125-9066-424B-97AA-E8BF36BC6877}.Release|Any CPU.ActiveCfg = Release|Any CPU
		{1C77F125-9066-424B-97AA-E8BF36BC6877}.Release|Any CPU.Build.0 = Release|Any CPU
		{D7A16D63-AA7B-4C33-9431-7D0363BE0403}.Debug|Any CPU.ActiveCfg = Debug|Any CPU
		{D7A16D63-AA7B-4C33-9431-7D0363BE0403}.Debug|Any CPU.Build.0 = Debug|Any CPU
		{D7A16D63-AA7B-4C33-9431-7D0363BE0403}.Release|Any CPU.ActiveCfg = Release|Any CPU
		{D7A16D63-AA7B-4C33-9431-7D0363BE0403}.Release|Any CPU.Build.0 = Release|Any CPU
		{84973B92-0819-447A-BF87-30BC64E25878}.Debug|Any CPU.ActiveCfg = Debug|Any CPU
		{84973B92-0819-447A-BF87-30BC64E25878}.Debug|Any CPU.Build.0 = Debug|Any CPU
		{84973B92-0819-447A-BF87-30BC64E25878}.Release|Any CPU.ActiveCfg = Release|Any CPU
		{84973B92-0819-447A-BF87-30BC64E25878}.Release|Any CPU.Build.0 = Release|Any CPU
		{7FA7972E-4B80-4333-93EF-09C14F55AABD}.Debug|Any CPU.ActiveCfg = Debug|Any CPU
		{7FA7972E-4B80-4333-93EF-09C14F55AABD}.Debug|Any CPU.Build.0 = Debug|Any CPU
		{7FA7972E-4B80-4333-93EF-09C14F55AABD}.Release|Any CPU.ActiveCfg = Release|Any CPU
		{7FA7972E-4B80-4333-93EF-09C14F55AABD}.Release|Any CPU.Build.0 = Release|Any CPU
		{C9B3F259-1684-4996-B873-BBB3EF2F5C7A}.Debug|Any CPU.ActiveCfg = Debug|Any CPU
		{C9B3F259-1684-4996-B873-BBB3EF2F5C7A}.Debug|Any CPU.Build.0 = Debug|Any CPU
		{C9B3F259-1684-4996-B873-BBB3EF2F5C7A}.Release|Any CPU.ActiveCfg = Release|Any CPU
		{C9B3F259-1684-4996-B873-BBB3EF2F5C7A}.Release|Any CPU.Build.0 = Release|Any CPU
		{53991737-CBE2-40B9-8589-05AD065001BA}.Debug|Any CPU.ActiveCfg = Debug|Any CPU
		{53991737-CBE2-40B9-8589-05AD065001BA}.Debug|Any CPU.Build.0 = Debug|Any CPU
		{53991737-CBE2-40B9-8589-05AD065001BA}.Release|Any CPU.ActiveCfg = Release|Any CPU
		{53991737-CBE2-40B9-8589-05AD065001BA}.Release|Any CPU.Build.0 = Release|Any CPU
		{EAA049EE-61A3-46AE-B992-95760B212549}.Debug|Any CPU.ActiveCfg = Debug|Any CPU
		{EAA049EE-61A3-46AE-B992-95760B212549}.Debug|Any CPU.Build.0 = Debug|Any CPU
		{EAA049EE-61A3-46AE-B992-95760B212549}.Release|Any CPU.ActiveCfg = Release|Any CPU
		{EAA049EE-61A3-46AE-B992-95760B212549}.Release|Any CPU.Build.0 = Release|Any CPU
		{69B56D67-1370-4AF5-8B85-964523D15457}.Debug|Any CPU.ActiveCfg = Debug|Any CPU
		{69B56D67-1370-4AF5-8B85-964523D15457}.Debug|Any CPU.Build.0 = Debug|Any CPU
		{69B56D67-1370-4AF5-8B85-964523D15457}.Release|Any CPU.ActiveCfg = Release|Any CPU
		{69B56D67-1370-4AF5-8B85-964523D15457}.Release|Any CPU.Build.0 = Release|Any CPU
		{F3572F23-6A80-4AAA-AD33-A837AA201A09}.Debug|Any CPU.ActiveCfg = Debug|Any CPU
		{F3572F23-6A80-4AAA-AD33-A837AA201A09}.Debug|Any CPU.Build.0 = Debug|Any CPU
		{F3572F23-6A80-4AAA-AD33-A837AA201A09}.Release|Any CPU.ActiveCfg = Release|Any CPU
		{F3572F23-6A80-4AAA-AD33-A837AA201A09}.Release|Any CPU.Build.0 = Release|Any CPU
		{05190D51-2BC3-4836-BAF9-FEFCF3F1A606}.Debug|Any CPU.ActiveCfg = Debug|Any CPU
		{05190D51-2BC3-4836-BAF9-FEFCF3F1A606}.Debug|Any CPU.Build.0 = Debug|Any CPU
		{05190D51-2BC3-4836-BAF9-FEFCF3F1A606}.Release|Any CPU.ActiveCfg = Release|Any CPU
		{05190D51-2BC3-4836-BAF9-FEFCF3F1A606}.Release|Any CPU.Build.0 = Release|Any CPU
		{671CB5AD-8B2D-449F-84B1-660FCA5A66F1}.Debug|Any CPU.ActiveCfg = Debug|Any CPU
		{671CB5AD-8B2D-449F-84B1-660FCA5A66F1}.Debug|Any CPU.Build.0 = Debug|Any CPU
		{671CB5AD-8B2D-449F-84B1-660FCA5A66F1}.Release|Any CPU.ActiveCfg = Release|Any CPU
		{671CB5AD-8B2D-449F-84B1-660FCA5A66F1}.Release|Any CPU.Build.0 = Release|Any CPU
		{7CBFC44D-EF63-49B5-A038-C481342D689B}.Debug|Any CPU.ActiveCfg = Debug|Any CPU
		{7CBFC44D-EF63-49B5-A038-C481342D689B}.Debug|Any CPU.Build.0 = Debug|Any CPU
		{7CBFC44D-EF63-49B5-A038-C481342D689B}.Release|Any CPU.ActiveCfg = Release|Any CPU
		{7CBFC44D-EF63-49B5-A038-C481342D689B}.Release|Any CPU.Build.0 = Release|Any CPU
		{97E90E83-EA27-4F5C-B506-732F053FFECB}.Debug|Any CPU.ActiveCfg = Debug|Any CPU
		{97E90E83-EA27-4F5C-B506-732F053FFECB}.Debug|Any CPU.Build.0 = Debug|Any CPU
		{97E90E83-EA27-4F5C-B506-732F053FFECB}.Release|Any CPU.ActiveCfg = Release|Any CPU
		{97E90E83-EA27-4F5C-B506-732F053FFECB}.Release|Any CPU.Build.0 = Release|Any CPU
		{E00C440A-9B83-4FF3-B28A-C5C0D905DD64}.Debug|Any CPU.ActiveCfg = Debug|Any CPU
		{E00C440A-9B83-4FF3-B28A-C5C0D905DD64}.Debug|Any CPU.Build.0 = Debug|Any CPU
		{E00C440A-9B83-4FF3-B28A-C5C0D905DD64}.Release|Any CPU.ActiveCfg = Release|Any CPU
		{E00C440A-9B83-4FF3-B28A-C5C0D905DD64}.Release|Any CPU.Build.0 = Release|Any CPU
		{BF94FBD1-5C58-431A-8D68-A9D7B10BAFA5}.Debug|Any CPU.ActiveCfg = Debug|Any CPU
		{BF94FBD1-5C58-431A-8D68-A9D7B10BAFA5}.Debug|Any CPU.Build.0 = Debug|Any CPU
		{BF94FBD1-5C58-431A-8D68-A9D7B10BAFA5}.Release|Any CPU.ActiveCfg = Release|Any CPU
		{BF94FBD1-5C58-431A-8D68-A9D7B10BAFA5}.Release|Any CPU.Build.0 = Release|Any CPU
		{8FE082BF-8EDF-4DF3-89C0-E8531E8EEB35}.Debug|Any CPU.ActiveCfg = Debug|Any CPU
		{8FE082BF-8EDF-4DF3-89C0-E8531E8EEB35}.Debug|Any CPU.Build.0 = Debug|Any CPU
		{8FE082BF-8EDF-4DF3-89C0-E8531E8EEB35}.Release|Any CPU.ActiveCfg = Release|Any CPU
		{8FE082BF-8EDF-4DF3-89C0-E8531E8EEB35}.Release|Any CPU.Build.0 = Release|Any CPU
		{1D108600-746D-4266-BD7A-50EB24704AAD}.Debug|Any CPU.ActiveCfg = Debug|Any CPU
		{1D108600-746D-4266-BD7A-50EB24704AAD}.Debug|Any CPU.Build.0 = Debug|Any CPU
		{1D108600-746D-4266-BD7A-50EB24704AAD}.Release|Any CPU.ActiveCfg = Release|Any CPU
		{1D108600-746D-4266-BD7A-50EB24704AAD}.Release|Any CPU.Build.0 = Release|Any CPU
		{2AEF1532-7150-47B1-9BFE-AF97EEAB62B1}.Debug|Any CPU.ActiveCfg = Debug|Any CPU
		{2AEF1532-7150-47B1-9BFE-AF97EEAB62B1}.Debug|Any CPU.Build.0 = Debug|Any CPU
		{2AEF1532-7150-47B1-9BFE-AF97EEAB62B1}.Release|Any CPU.ActiveCfg = Release|Any CPU
		{2AEF1532-7150-47B1-9BFE-AF97EEAB62B1}.Release|Any CPU.Build.0 = Release|Any CPU
		{28C474B1-52F5-4D18-BFAF-03BCB0243989}.Debug|Any CPU.ActiveCfg = Debug|Any CPU
		{28C474B1-52F5-4D18-BFAF-03BCB0243989}.Debug|Any CPU.Build.0 = Debug|Any CPU
		{28C474B1-52F5-4D18-BFAF-03BCB0243989}.Release|Any CPU.ActiveCfg = Release|Any CPU
		{28C474B1-52F5-4D18-BFAF-03BCB0243989}.Release|Any CPU.Build.0 = Release|Any CPU
		{0BA4F2A0-14C6-4100-A46A-598E14DC9619}.Debug|Any CPU.ActiveCfg = Debug|Any CPU
		{0BA4F2A0-14C6-4100-A46A-598E14DC9619}.Debug|Any CPU.Build.0 = Debug|Any CPU
		{0BA4F2A0-14C6-4100-A46A-598E14DC9619}.Release|Any CPU.ActiveCfg = Release|Any CPU
		{0BA4F2A0-14C6-4100-A46A-598E14DC9619}.Release|Any CPU.Build.0 = Release|Any CPU
		{3F0F112C-8B60-4B5C-9F4B-92F29BD5D13C}.Debug|Any CPU.ActiveCfg = Debug|Any CPU
		{3F0F112C-8B60-4B5C-9F4B-92F29BD5D13C}.Debug|Any CPU.Build.0 = Debug|Any CPU
		{3F0F112C-8B60-4B5C-9F4B-92F29BD5D13C}.Release|Any CPU.ActiveCfg = Release|Any CPU
		{3F0F112C-8B60-4B5C-9F4B-92F29BD5D13C}.Release|Any CPU.Build.0 = Release|Any CPU
		{B037C1D0-1239-4A09-9777-B2199829FD68}.Debug|Any CPU.ActiveCfg = Debug|Any CPU
		{B037C1D0-1239-4A09-9777-B2199829FD68}.Debug|Any CPU.Build.0 = Debug|Any CPU
		{B037C1D0-1239-4A09-9777-B2199829FD68}.Release|Any CPU.ActiveCfg = Release|Any CPU
		{B037C1D0-1239-4A09-9777-B2199829FD68}.Release|Any CPU.Build.0 = Release|Any CPU
		{57CC8119-A76F-4AB5-8417-BFADAF62C481}.Debug|Any CPU.ActiveCfg = Debug|Any CPU
		{57CC8119-A76F-4AB5-8417-BFADAF62C481}.Debug|Any CPU.Build.0 = Debug|Any CPU
		{57CC8119-A76F-4AB5-8417-BFADAF62C481}.Release|Any CPU.ActiveCfg = Release|Any CPU
		{57CC8119-A76F-4AB5-8417-BFADAF62C481}.Release|Any CPU.Build.0 = Release|Any CPU
		{0B26D847-D7EC-4F05-AB61-0546622015C8}.Debug|Any CPU.ActiveCfg = Debug|Any CPU
		{0B26D847-D7EC-4F05-AB61-0546622015C8}.Debug|Any CPU.Build.0 = Debug|Any CPU
		{0B26D847-D7EC-4F05-AB61-0546622015C8}.Release|Any CPU.ActiveCfg = Release|Any CPU
		{0B26D847-D7EC-4F05-AB61-0546622015C8}.Release|Any CPU.Build.0 = Release|Any CPU
		{D3578874-ABF1-4531-B6F6-BE9ED2F0BBB3}.Debug|Any CPU.ActiveCfg = Debug|Any CPU
		{D3578874-ABF1-4531-B6F6-BE9ED2F0BBB3}.Debug|Any CPU.Build.0 = Debug|Any CPU
		{D3578874-ABF1-4531-B6F6-BE9ED2F0BBB3}.Release|Any CPU.ActiveCfg = Release|Any CPU
		{D3578874-ABF1-4531-B6F6-BE9ED2F0BBB3}.Release|Any CPU.Build.0 = Release|Any CPU
		{8EC67D66-F216-4987-8451-5ADDE5FFD7B6}.Debug|Any CPU.ActiveCfg = Debug|Any CPU
		{8EC67D66-F216-4987-8451-5ADDE5FFD7B6}.Debug|Any CPU.Build.0 = Debug|Any CPU
		{8EC67D66-F216-4987-8451-5ADDE5FFD7B6}.Release|Any CPU.ActiveCfg = Release|Any CPU
		{8EC67D66-F216-4987-8451-5ADDE5FFD7B6}.Release|Any CPU.Build.0 = Release|Any CPU
		{E38BDB64-5615-4957-8AC9-AD6BD52DA152}.Debug|Any CPU.ActiveCfg = Debug|Any CPU
		{E38BDB64-5615-4957-8AC9-AD6BD52DA152}.Debug|Any CPU.Build.0 = Debug|Any CPU
		{E38BDB64-5615-4957-8AC9-AD6BD52DA152}.Release|Any CPU.ActiveCfg = Release|Any CPU
		{E38BDB64-5615-4957-8AC9-AD6BD52DA152}.Release|Any CPU.Build.0 = Release|Any CPU
	EndGlobalSection
	GlobalSection(SolutionProperties) = preSolution
		HideSolutionNode = FALSE
	EndGlobalSection
	GlobalSection(NestedProjects) = preSolution
		{B3EFB36E-D349-42BB-95D9-7D3BCD099E00} = {824B4C97-A832-4FC0-8096-40CB93F3A2E3}
		{255F608C-7794-4FF2-BFB7-FA23398ADABA} = {824B4C97-A832-4FC0-8096-40CB93F3A2E3}
		{BABC3401-67CB-4045-8031-3134F07C89E3} = {824B4C97-A832-4FC0-8096-40CB93F3A2E3}
		{975BA91B-EC2F-432A-BF99-E16CAB8D1341} = {824B4C97-A832-4FC0-8096-40CB93F3A2E3}
		{398723B5-1272-433B-8F01-8B65EF91A39A} = {824B4C97-A832-4FC0-8096-40CB93F3A2E3}
		{607E2225-36A8-4420-9729-67DB143DA71A} = {824B4C97-A832-4FC0-8096-40CB93F3A2E3}
		{9C3CBB29-736F-45F2-8EA3-F9FB2B556E60} = {824B4C97-A832-4FC0-8096-40CB93F3A2E3}
		{5CE7BB36-C949-4114-A742-76ED570A5996} = {824B4C97-A832-4FC0-8096-40CB93F3A2E3}
		{84DD72F1-C0BE-4C71-99A3-405D3990A8E1} = {824B4C97-A832-4FC0-8096-40CB93F3A2E3}
		{0C0F4982-F1AE-4EA8-9F2D-B36140193E2C} = {824B4C97-A832-4FC0-8096-40CB93F3A2E3}
		{C9E2192D-92A7-4FA5-8A53-6D8F02CC87D7} = {824B4C97-A832-4FC0-8096-40CB93F3A2E3}
		{4BC02C2C-E13B-4F04-8E56-61D262181FD0} = {824B4C97-A832-4FC0-8096-40CB93F3A2E3}
		{AD869380-4727-4532-80FA-E4BE3EA8D913} = {824B4C97-A832-4FC0-8096-40CB93F3A2E3}
		{95061B6E-6ECE-4DC5-825B-6DF346DB71B6} = {824B4C97-A832-4FC0-8096-40CB93F3A2E3}
		{F617E822-EE38-4249-A780-FD9190F2C3A0} = {824B4C97-A832-4FC0-8096-40CB93F3A2E3}
		{2633EC78-1763-472E-AEEB-BBC05AAAEEE9} = {824B4C97-A832-4FC0-8096-40CB93F3A2E3}
		{D7A53E90-0C18-47E6-BE9F-BDE1394743CC} = {824B4C97-A832-4FC0-8096-40CB93F3A2E3}
		{F363E79E-601C-44BD-B3A0-70641E60FC8A} = {824B4C97-A832-4FC0-8096-40CB93F3A2E3}
		{0CEE8664-CB8D-4DAF-B332-17E43E56717F} = {824B4C97-A832-4FC0-8096-40CB93F3A2E3}
		{3EA83F64-CECC-4D0B-B164-F22F59E45AA8} = {824B4C97-A832-4FC0-8096-40CB93F3A2E3}
		{BF22164E-B6E4-49EB-9DF6-64D544FD81AC} = {824B4C97-A832-4FC0-8096-40CB93F3A2E3}
		{D516964B-36E3-418E-8B18-6A293756E180} = {824B4C97-A832-4FC0-8096-40CB93F3A2E3}
		{5B995283-D7AB-4C15-97F5-1A155BED123A} = {824B4C97-A832-4FC0-8096-40CB93F3A2E3}
		{977C7654-60D5-4949-81D3-7680FAEEB37E} = {824B4C97-A832-4FC0-8096-40CB93F3A2E3}
		{CBCEFEC0-32C6-439A-985C-4BF65C541CC6} = {A4A52E99-DAE0-4B27-B532-C424DC0083AD}
		{E8577D10-9A5F-41E2-8C2E-A8B537187E25} = {A4A52E99-DAE0-4B27-B532-C424DC0083AD}
		{E77E0B56-F9C0-4480-8B1E-EB477DC470D6} = {A4A52E99-DAE0-4B27-B532-C424DC0083AD}
		{D29BEA43-07D3-4F30-BFF5-34C5D0CE68E2} = {A4A52E99-DAE0-4B27-B532-C424DC0083AD}
		{1C77F125-9066-424B-97AA-E8BF36BC6877} = {A4A52E99-DAE0-4B27-B532-C424DC0083AD}
		{D7A16D63-AA7B-4C33-9431-7D0363BE0403} = {A4A52E99-DAE0-4B27-B532-C424DC0083AD}
		{84973B92-0819-447A-BF87-30BC64E25878} = {824B4C97-A832-4FC0-8096-40CB93F3A2E3}
		{7FA7972E-4B80-4333-93EF-09C14F55AABD} = {A4A52E99-DAE0-4B27-B532-C424DC0083AD}
		{C9B3F259-1684-4996-B873-BBB3EF2F5C7A} = {824B4C97-A832-4FC0-8096-40CB93F3A2E3}
		{53991737-CBE2-40B9-8589-05AD065001BA} = {F262DDB5-361C-4310-80AF-B00E58CE5EA4}
		{EAA049EE-61A3-46AE-B992-95760B212549} = {F262DDB5-361C-4310-80AF-B00E58CE5EA4}
		{69B56D67-1370-4AF5-8B85-964523D15457} = {F262DDB5-361C-4310-80AF-B00E58CE5EA4}
		{F3572F23-6A80-4AAA-AD33-A837AA201A09} = {F262DDB5-361C-4310-80AF-B00E58CE5EA4}
		{05190D51-2BC3-4836-BAF9-FEFCF3F1A606} = {A4A52E99-DAE0-4B27-B532-C424DC0083AD}
		{671CB5AD-8B2D-449F-84B1-660FCA5A66F1} = {A4A52E99-DAE0-4B27-B532-C424DC0083AD}
		{7CBFC44D-EF63-49B5-A038-C481342D689B} = {A4A52E99-DAE0-4B27-B532-C424DC0083AD}
		{97E90E83-EA27-4F5C-B506-732F053FFECB} = {A4A52E99-DAE0-4B27-B532-C424DC0083AD}
		{E00C440A-9B83-4FF3-B28A-C5C0D905DD64} = {6A05A3D1-6FDF-491F-8899-BCC1B7612755}
		{BF94FBD1-5C58-431A-8D68-A9D7B10BAFA5} = {6A05A3D1-6FDF-491F-8899-BCC1B7612755}
		{8FE082BF-8EDF-4DF3-89C0-E8531E8EEB35} = {6A05A3D1-6FDF-491F-8899-BCC1B7612755}
		{1D108600-746D-4266-BD7A-50EB24704AAD} = {6A05A3D1-6FDF-491F-8899-BCC1B7612755}
		{2AEF1532-7150-47B1-9BFE-AF97EEAB62B1} = {A4A52E99-DAE0-4B27-B532-C424DC0083AD}
		{28C474B1-52F5-4D18-BFAF-03BCB0243989} = {A4A52E99-DAE0-4B27-B532-C424DC0083AD}
		{0BA4F2A0-14C6-4100-A46A-598E14DC9619} = {824B4C97-A832-4FC0-8096-40CB93F3A2E3}
		{3F0F112C-8B60-4B5C-9F4B-92F29BD5D13C} = {824B4C97-A832-4FC0-8096-40CB93F3A2E3}
		{B037C1D0-1239-4A09-9777-B2199829FD68} = {824B4C97-A832-4FC0-8096-40CB93F3A2E3}
		{57CC8119-A76F-4AB5-8417-BFADAF62C481} = {4761137E-9424-4395-BC4C-075C90A01B44}
		{0B26D847-D7EC-4F05-AB61-0546622015C8} = {4761137E-9424-4395-BC4C-075C90A01B44}
		{D3578874-ABF1-4531-B6F6-BE9ED2F0BBB3} = {4761137E-9424-4395-BC4C-075C90A01B44}
		{8EC67D66-F216-4987-8451-5ADDE5FFD7B6} = {4761137E-9424-4395-BC4C-075C90A01B44}
		{E38BDB64-5615-4957-8AC9-AD6BD52DA152} = {4761137E-9424-4395-BC4C-075C90A01B44}
	EndGlobalSection
	GlobalSection(ExtensibilityGlobals) = postSolution
		SolutionGuid = {950BF70A-EDE2-4B36-95EE-F418B4753A00}
	EndGlobalSection
EndGlobal
